// !$*UTF8*$!
{
	archiveVersion = 1;
	classes = {
	};
	objectVersion = 46;
	objects = {

/* Begin PBXBuildFile section */
		DE0186F217D4A41100358965 /* banner@2x.png in Resources */ = {isa = PBXBuildFile; fileRef = DE0186F117D4A41100358965 /* banner@2x.png */; };
		DE0186F417D4A50000358965 /* icon.png in Resources */ = {isa = PBXBuildFile; fileRef = DE0186F317D4A50000358965 /* icon.png */; };
		DE0186F617D4AD0E00358965 /* fullScreenBg@2x.png in Resources */ = {isa = PBXBuildFile; fileRef = DE0186F517D4AD0E00358965 /* fullScreenBg@2x.png */; };
		DE0186F817D4AD7700358965 /* loginText@2x.png in Resources */ = {isa = PBXBuildFile; fileRef = DE0186F717D4AD7700358965 /* loginText@2x.png */; };
		DE0186FB17D4AE5600358965 /* loginPW@2x.png in Resources */ = {isa = PBXBuildFile; fileRef = DE0186F917D4AE5600358965 /* loginPW@2x.png */; };
		DE0186FC17D4AE5600358965 /* loginUsername@2x.png in Resources */ = {isa = PBXBuildFile; fileRef = DE0186FA17D4AE5600358965 /* loginUsername@2x.png */; };
		DE0186FE17D4AF8D00358965 /* loginInput@2x.png in Resources */ = {isa = PBXBuildFile; fileRef = DE0186FD17D4AF8D00358965 /* loginInput@2x.png */; };
		DE01870417D5012200358965 /* loginButton@2x.png in Resources */ = {isa = PBXBuildFile; fileRef = DE01870217D5012200358965 /* loginButton@2x.png */; };
		DE01870517D5012200358965 /* loginButtonClick@2x.png in Resources */ = {isa = PBXBuildFile; fileRef = DE01870317D5012200358965 /* loginButtonClick@2x.png */; };
		DE01870817D5048400358965 /* loginEBText@2x.png in Resources */ = {isa = PBXBuildFile; fileRef = DE01870617D5048400358965 /* loginEBText@2x.png */; };
		DE01870917D5048400358965 /* loginLogoLarge@2x.png in Resources */ = {isa = PBXBuildFile; fileRef = DE01870717D5048400358965 /* loginLogoLarge@2x.png */; };
		DE01870B17D5061700358965 /* loginLogoSmall@2x.png in Resources */ = {isa = PBXBuildFile; fileRef = DE01870A17D5061700358965 /* loginLogoSmall@2x.png */; };
		DE3D54A417D8983E00DB6731 /* ConnectionCell.xib in Resources */ = {isa = PBXBuildFile; fileRef = DE3D54A317D8983E00DB6731 /* ConnectionCell.xib */; };
		DE3D54A817D89A8A00DB6731 /* backButton@2x.png in Resources */ = {isa = PBXBuildFile; fileRef = DE3D54A517D89A8A00DB6731 /* backButton@2x.png */; };
		DE3D54A917D89A8A00DB6731 /* backButtonClick@2x.png in Resources */ = {isa = PBXBuildFile; fileRef = DE3D54A617D89A8A00DB6731 /* backButtonClick@2x.png */; };
		DE3D54AA17D89A8A00DB6731 /* connectionNav@2x.png in Resources */ = {isa = PBXBuildFile; fileRef = DE3D54A717D89A8A00DB6731 /* connectionNav@2x.png */; };
		DE3D54AE17D8A1F400DB6731 /* connectionTable@2x.png in Resources */ = {isa = PBXBuildFile; fileRef = DE3D54AB17D8A1F400DB6731 /* connectionTable@2x.png */; };
		DE3D54AF17D8A1F400DB6731 /* connectionTableBottom@2x.png in Resources */ = {isa = PBXBuildFile; fileRef = DE3D54AC17D8A1F400DB6731 /* connectionTableBottom@2x.png */; };
		DE3D54B017D8A1F400DB6731 /* connectionTableTop@2x.png in Resources */ = {isa = PBXBuildFile; fileRef = DE3D54AD17D8A1F400DB6731 /* connectionTableTop@2x.png */; };
		DE3D54B317D91CEB00DB6731 /* ConnectionViewController.m in Sources */ = {isa = PBXBuildFile; fileRef = DE3D54B217D91CEB00DB6731 /* ConnectionViewController.m */; };
		DE3D54B717D92C8F00DB6731 /* detailNavi@2x.png in Resources */ = {isa = PBXBuildFile; fileRef = DE3D54B417D92C8F00DB6731 /* detailNavi@2x.png */; };
		DE3D54BB17D939E500DB6731 /* createButton@2x.png in Resources */ = {isa = PBXBuildFile; fileRef = DE3D54BA17D939E500DB6731 /* createButton@2x.png */; };
		DE3D54BE17D93CE700DB6731 /* editButton@2x.png in Resources */ = {isa = PBXBuildFile; fileRef = DE3D54BC17D93CE700DB6731 /* editButton@2x.png */; };
		DE3D54BF17D93CE700DB6731 /* editButtonClick@2x.png in Resources */ = {isa = PBXBuildFile; fileRef = DE3D54BD17D93CE700DB6731 /* editButtonClick@2x.png */; };
		DE3D54C217D9403D00DB6731 /* connectionDetailBottom@2x.png in Resources */ = {isa = PBXBuildFile; fileRef = DE3D54C017D9403D00DB6731 /* connectionDetailBottom@2x.png */; };
		DE3D54C317D9403D00DB6731 /* connectionDetailTitle@2x.png in Resources */ = {isa = PBXBuildFile; fileRef = DE3D54C117D9403D00DB6731 /* connectionDetailTitle@2x.png */; };
		DE3D54C817D9557200DB6731 /* connectionButton@2x.png in Resources */ = {isa = PBXBuildFile; fileRef = DE3D54C417D9557200DB6731 /* connectionButton@2x.png */; };
		DE3D54C917D9557200DB6731 /* connectionButtonClick@2x.png in Resources */ = {isa = PBXBuildFile; fileRef = DE3D54C517D9557200DB6731 /* connectionButtonClick@2x.png */; };
		DE3D54CA17D9557200DB6731 /* libButton@2x.png in Resources */ = {isa = PBXBuildFile; fileRef = DE3D54C617D9557200DB6731 /* libButton@2x.png */; };
		DE3D54CB17D9557200DB6731 /* libButtonClick@2x.png in Resources */ = {isa = PBXBuildFile; fileRef = DE3D54C717D9557200DB6731 /* libButtonClick@2x.png */; };
		DE3D54CD17D9583500DB6731 /* LibraryCell.xib in Resources */ = {isa = PBXBuildFile; fileRef = DE3D54CC17D9583500DB6731 /* LibraryCell.xib */; };
		DE3D54D117D95B1200DB6731 /* libTable@2x.png in Resources */ = {isa = PBXBuildFile; fileRef = DE3D54CE17D95B1200DB6731 /* libTable@2x.png */; };
		DE3D54D217D95B1200DB6731 /* libTableBottom@2x.png in Resources */ = {isa = PBXBuildFile; fileRef = DE3D54CF17D95B1200DB6731 /* libTableBottom@2x.png */; };
		DE3D54D317D95B1200DB6731 /* libTableTop@2x.png in Resources */ = {isa = PBXBuildFile; fileRef = DE3D54D017D95B1200DB6731 /* libTableTop@2x.png */; };
		DE3D54D617D9DAAC00DB6731 /* LibraryViewController.m in Sources */ = {isa = PBXBuildFile; fileRef = DE3D54D517D9DAAC00DB6731 /* LibraryViewController.m */; };
		DE3D54D917D9DD6A00DB6731 /* libDetailBottom@2x.png in Resources */ = {isa = PBXBuildFile; fileRef = DE3D54D717D9DD6900DB6731 /* libDetailBottom@2x.png */; };
		DE3D54DA17D9DD6A00DB6731 /* libDetailTitle@2x.png in Resources */ = {isa = PBXBuildFile; fileRef = DE3D54D817D9DD6900DB6731 /* libDetailTitle@2x.png */; };
		DE3D54DC17D9DDAA00DB6731 /* libNav@2x.png in Resources */ = {isa = PBXBuildFile; fileRef = DE3D54DB17D9DDA900DB6731 /* libNav@2x.png */; };
		DE3D54DF17D9E2A200DB6731 /* EditViewController.m in Sources */ = {isa = PBXBuildFile; fileRef = DE3D54DE17D9E2A200DB6731 /* EditViewController.m */; };
		DE3D54E217D9E72500DB6731 /* gTextArea.m in Sources */ = {isa = PBXBuildFile; fileRef = DE3D54E117D9E72500DB6731 /* gTextArea.m */; };
		DE3D54E417D9EC0300DB6731 /* editNavi@2x.png in Resources */ = {isa = PBXBuildFile; fileRef = DE3D54E317D9EC0300DB6731 /* editNavi@2x.png */; };
		DE3D54E917D9EC4500DB6731 /* cancelButton@2x.png in Resources */ = {isa = PBXBuildFile; fileRef = DE3D54E517D9EC4100DB6731 /* cancelButton@2x.png */; };
		DE3D54EA17D9EC4500DB6731 /* cancelButtonClick@2x.png in Resources */ = {isa = PBXBuildFile; fileRef = DE3D54E617D9EC4200DB6731 /* cancelButtonClick@2x.png */; };
		DE3D54EB17D9EC4500DB6731 /* sendButton@2x.png in Resources */ = {isa = PBXBuildFile; fileRef = DE3D54E717D9EC4300DB6731 /* sendButton@2x.png */; };
		DE3D54EC17D9EC4500DB6731 /* sendButtonClick@2x.png in Resources */ = {isa = PBXBuildFile; fileRef = DE3D54E817D9EC4400DB6731 /* sendButtonClick@2x.png */; };
		DE3D54EF17DA018900DB6731 /* editContent@2x.png in Resources */ = {isa = PBXBuildFile; fileRef = DE3D54ED17DA018700DB6731 /* editContent@2x.png */; };
		DE3D54F017DA018900DB6731 /* editTitle@2x.png in Resources */ = {isa = PBXBuildFile; fileRef = DE3D54EE17DA018800DB6731 /* editTitle@2x.png */; };
		DE3D54F317DA06EC00DB6731 /* UserViewController.m in Sources */ = {isa = PBXBuildFile; fileRef = DE3D54F217DA06EB00DB6731 /* UserViewController.m */; };
		DE3D54F517DA09CB00DB6731 /* createButtonClick@2x.png in Resources */ = {isa = PBXBuildFile; fileRef = DE3D54F417DA09CA00DB6731 /* createButtonClick@2x.png */; };
		DE85A22217D7FC25002CD308 /* gTextField.m in Sources */ = {isa = PBXBuildFile; fileRef = DE85A22117D7FC25002CD308 /* gTextField.m */; };
		DE85A22517D80553002CD308 /* AdminViewController.m in Sources */ = {isa = PBXBuildFile; fileRef = DE85A22417D80553002CD308 /* AdminViewController.m */; };
		DE85A24A17D80EC7002CD308 /* AFHTTPClient.m in Sources */ = {isa = PBXBuildFile; fileRef = DE85A22817D80EC7002CD308 /* AFHTTPClient.m */; };
		DE85A24B17D80EC7002CD308 /* AFHTTPRequestOperation.m in Sources */ = {isa = PBXBuildFile; fileRef = DE85A22A17D80EC7002CD308 /* AFHTTPRequestOperation.m */; };
		DE85A24C17D80EC7002CD308 /* AFImageRequestOperation.m in Sources */ = {isa = PBXBuildFile; fileRef = DE85A22C17D80EC7002CD308 /* AFImageRequestOperation.m */; };
		DE85A24D17D80EC7002CD308 /* AFJSONRequestOperation.m in Sources */ = {isa = PBXBuildFile; fileRef = DE85A22E17D80EC7002CD308 /* AFJSONRequestOperation.m */; };
		DE85A24E17D80EC7002CD308 /* AFJSONUtilities.m in Sources */ = {isa = PBXBuildFile; fileRef = DE85A23017D80EC7002CD308 /* AFJSONUtilities.m */; };
		DE85A24F17D80EC7002CD308 /* AFNetworkActivityIndicatorManager.m in Sources */ = {isa = PBXBuildFile; fileRef = DE85A23217D80EC7002CD308 /* AFNetworkActivityIndicatorManager.m */; };
		DE85A25017D80EC7002CD308 /* AFPropertyListRequestOperation.m in Sources */ = {isa = PBXBuildFile; fileRef = DE85A23517D80EC7002CD308 /* AFPropertyListRequestOperation.m */; };
		DE85A25117D80EC7002CD308 /* AFURLConnectionOperation.m in Sources */ = {isa = PBXBuildFile; fileRef = DE85A23717D80EC7002CD308 /* AFURLConnectionOperation.m */; };
		DE85A25217D80EC7002CD308 /* AFXMLRequestOperation.m in Sources */ = {isa = PBXBuildFile; fileRef = DE85A23917D80EC7002CD308 /* AFXMLRequestOperation.m */; };
		DE85A25317D80EC7002CD308 /* UIImageView+AFNetworking.m in Sources */ = {isa = PBXBuildFile; fileRef = DE85A23B17D80EC7002CD308 /* UIImageView+AFNetworking.m */; };
		DE85A25417D80EC7002CD308 /* NSObject+SBJSON.m in Sources */ = {isa = PBXBuildFile; fileRef = DE85A23F17D80EC7002CD308 /* NSObject+SBJSON.m */; };
		DE85A25517D80EC7002CD308 /* NSString+SBJSON.m in Sources */ = {isa = PBXBuildFile; fileRef = DE85A24117D80EC7002CD308 /* NSString+SBJSON.m */; };
		DE85A25617D80EC7002CD308 /* SBJSON.m in Sources */ = {isa = PBXBuildFile; fileRef = DE85A24317D80EC7002CD308 /* SBJSON.m */; };
		DE85A25717D80EC7002CD308 /* SBJsonBase.m in Sources */ = {isa = PBXBuildFile; fileRef = DE85A24517D80EC7002CD308 /* SBJsonBase.m */; };
		DE85A25817D80EC7002CD308 /* SBJsonParser.m in Sources */ = {isa = PBXBuildFile; fileRef = DE85A24717D80EC7002CD308 /* SBJsonParser.m */; };
		DE85A25917D80EC7002CD308 /* SBJsonWriter.m in Sources */ = {isa = PBXBuildFile; fileRef = DE85A24917D80EC7002CD308 /* SBJsonWriter.m */; };
		DE85A25B17D81467002CD308 /* backgroundSmall@2x.png in Resources */ = {isa = PBXBuildFile; fileRef = DE85A25A17D81467002CD308 /* backgroundSmall@2x.png */; };
		DEEC0B5F17CF5D350096B21F /* UIKit.framework in Frameworks */ = {isa = PBXBuildFile; fileRef = DEEC0B5E17CF5D350096B21F /* UIKit.framework */; };
		DEEC0B6117CF5D350096B21F /* Foundation.framework in Frameworks */ = {isa = PBXBuildFile; fileRef = DEEC0B6017CF5D350096B21F /* Foundation.framework */; };
		DEEC0B6317CF5D350096B21F /* CoreGraphics.framework in Frameworks */ = {isa = PBXBuildFile; fileRef = DEEC0B6217CF5D350096B21F /* CoreGraphics.framework */; };
		DEEC0B6917CF5D350096B21F /* InfoPlist.strings in Resources */ = {isa = PBXBuildFile; fileRef = DEEC0B6717CF5D350096B21F /* InfoPlist.strings */; };
		DEEC0B6B17CF5D350096B21F /* main.m in Sources */ = {isa = PBXBuildFile; fileRef = DEEC0B6A17CF5D350096B21F /* main.m */; };
		DEEC0B6F17CF5D350096B21F /* goshanAppDelegate.m in Sources */ = {isa = PBXBuildFile; fileRef = DEEC0B6E17CF5D350096B21F /* goshanAppDelegate.m */; };
		DEEC0B7117CF5D350096B21F /* Default.png in Resources */ = {isa = PBXBuildFile; fileRef = DEEC0B7017CF5D350096B21F /* Default.png */; };
		DEEC0B7317CF5D350096B21F /* Default@2x.png in Resources */ = {isa = PBXBuildFile; fileRef = DEEC0B7217CF5D350096B21F /* Default@2x.png */; };
		DEEC0B7517CF5D350096B21F /* Default-568h@2x.png in Resources */ = {isa = PBXBuildFile; fileRef = DEEC0B7417CF5D350096B21F /* Default-568h@2x.png */; };
		DEEC0B8917CF5D350096B21F /* SenTestingKit.framework in Frameworks */ = {isa = PBXBuildFile; fileRef = DEEC0B8817CF5D350096B21F /* SenTestingKit.framework */; };
		DEEC0B8A17CF5D350096B21F /* UIKit.framework in Frameworks */ = {isa = PBXBuildFile; fileRef = DEEC0B5E17CF5D350096B21F /* UIKit.framework */; };
		DEEC0B8B17CF5D350096B21F /* Foundation.framework in Frameworks */ = {isa = PBXBuildFile; fileRef = DEEC0B6017CF5D350096B21F /* Foundation.framework */; };
		DEEC0B9317CF5D350096B21F /* InfoPlist.strings in Resources */ = {isa = PBXBuildFile; fileRef = DEEC0B9117CF5D350096B21F /* InfoPlist.strings */; };
		DEEC0B9617CF5D350096B21F /* PoseidonTests.m in Sources */ = {isa = PBXBuildFile; fileRef = DEEC0B9517CF5D350096B21F /* PoseidonTests.m */; };
		DEEC0BB217CF6BA90096B21F /* gAnimation.m in Sources */ = {isa = PBXBuildFile; fileRef = DEEC0BB117CF6BA90096B21F /* gAnimation.m */; };
		DEEC0BB517CF6DF90096B21F /* Util.m in Sources */ = {isa = PBXBuildFile; fileRef = DEEC0BB417CF6DF90096B21F /* Util.m */; };
		DEEC0BBE17CF70970096B21F /* motion@2x.png in Resources */ = {isa = PBXBuildFile; fileRef = DEEC0BBD17CF70970096B21F /* motion@2x.png */; };
		DEEC0BC217CF95660096B21F /* MainViewController.m in Sources */ = {isa = PBXBuildFile; fileRef = DEEC0BC017CF95650096B21F /* MainViewController.m */; };
		DEEC0BD417CFA4E20096B21F /* LoginViewController.m in Sources */ = {isa = PBXBuildFile; fileRef = DEEC0BD217CFA4E20096B21F /* LoginViewController.m */; };
/* End PBXBuildFile section */

/* Begin PBXContainerItemProxy section */
		DEEC0B8C17CF5D350096B21F /* PBXContainerItemProxy */ = {
			isa = PBXContainerItemProxy;
			containerPortal = DEEC0B5317CF5D350096B21F /* Project object */;
			proxyType = 1;
			remoteGlobalIDString = DEEC0B5A17CF5D350096B21F;
			remoteInfo = Poseidon;
		};
/* End PBXContainerItemProxy section */

/* Begin PBXFileReference section */
		DE0186F117D4A41100358965 /* banner@2x.png */ = {isa = PBXFileReference; lastKnownFileType = image.png; path = "banner@2x.png"; sourceTree = "<group>"; };
		DE0186F317D4A50000358965 /* icon.png */ = {isa = PBXFileReference; lastKnownFileType = image.png; name = icon.png; path = ../icon.png; sourceTree = "<group>"; };
		DE0186F517D4AD0E00358965 /* fullScreenBg@2x.png */ = {isa = PBXFileReference; lastKnownFileType = image.png; path = "fullScreenBg@2x.png"; sourceTree = "<group>"; };
		DE0186F717D4AD7700358965 /* loginText@2x.png */ = {isa = PBXFileReference; lastKnownFileType = image.png; path = "loginText@2x.png"; sourceTree = "<group>"; };
		DE0186F917D4AE5600358965 /* loginPW@2x.png */ = {isa = PBXFileReference; lastKnownFileType = image.png; path = "loginPW@2x.png"; sourceTree = "<group>"; };
		DE0186FA17D4AE5600358965 /* loginUsername@2x.png */ = {isa = PBXFileReference; lastKnownFileType = image.png; path = "loginUsername@2x.png"; sourceTree = "<group>"; };
		DE0186FD17D4AF8D00358965 /* loginInput@2x.png */ = {isa = PBXFileReference; lastKnownFileType = image.png; path = "loginInput@2x.png"; sourceTree = "<group>"; };
		DE01870217D5012200358965 /* loginButton@2x.png */ = {isa = PBXFileReference; lastKnownFileType = image.png; path = "loginButton@2x.png"; sourceTree = "<group>"; };
		DE01870317D5012200358965 /* loginButtonClick@2x.png */ = {isa = PBXFileReference; lastKnownFileType = image.png; path = "loginButtonClick@2x.png"; sourceTree = "<group>"; };
		DE01870617D5048400358965 /* loginEBText@2x.png */ = {isa = PBXFileReference; lastKnownFileType = image.png; path = "loginEBText@2x.png"; sourceTree = "<group>"; };
		DE01870717D5048400358965 /* loginLogoLarge@2x.png */ = {isa = PBXFileReference; lastKnownFileType = image.png; path = "loginLogoLarge@2x.png"; sourceTree = "<group>"; };
		DE01870A17D5061700358965 /* loginLogoSmall@2x.png */ = {isa = PBXFileReference; lastKnownFileType = image.png; path = "loginLogoSmall@2x.png"; sourceTree = "<group>"; };
		DE3D54A317D8983E00DB6731 /* ConnectionCell.xib */ = {isa = PBXFileReference; fileEncoding = 4; lastKnownFileType = file.xib; path = ConnectionCell.xib; sourceTree = "<group>"; };
		DE3D54A517D89A8A00DB6731 /* backButton@2x.png */ = {isa = PBXFileReference; lastKnownFileType = image.png; path = "backButton@2x.png"; sourceTree = "<group>"; };
		DE3D54A617D89A8A00DB6731 /* backButtonClick@2x.png */ = {isa = PBXFileReference; lastKnownFileType = image.png; path = "backButtonClick@2x.png"; sourceTree = "<group>"; };
		DE3D54A717D89A8A00DB6731 /* connectionNav@2x.png */ = {isa = PBXFileReference; lastKnownFileType = image.png; path = "connectionNav@2x.png"; sourceTree = "<group>"; };
		DE3D54AB17D8A1F400DB6731 /* connectionTable@2x.png */ = {isa = PBXFileReference; lastKnownFileType = image.png; path = "connectionTable@2x.png"; sourceTree = "<group>"; };
		DE3D54AC17D8A1F400DB6731 /* connectionTableBottom@2x.png */ = {isa = PBXFileReference; lastKnownFileType = image.png; path = "connectionTableBottom@2x.png"; sourceTree = "<group>"; };
		DE3D54AD17D8A1F400DB6731 /* connectionTableTop@2x.png */ = {isa = PBXFileReference; lastKnownFileType = image.png; path = "connectionTableTop@2x.png"; sourceTree = "<group>"; };
		DE3D54B117D91CEB00DB6731 /* ConnectionViewController.h */ = {isa = PBXFileReference; fileEncoding = 4; lastKnownFileType = sourcecode.c.h; path = ConnectionViewController.h; sourceTree = "<group>"; };
		DE3D54B217D91CEB00DB6731 /* ConnectionViewController.m */ = {isa = PBXFileReference; fileEncoding = 4; lastKnownFileType = sourcecode.c.objc; path = ConnectionViewController.m; sourceTree = "<group>"; };
		DE3D54B417D92C8F00DB6731 /* detailNavi@2x.png */ = {isa = PBXFileReference; lastKnownFileType = image.png; path = "detailNavi@2x.png"; sourceTree = "<group>"; };
		DE3D54BA17D939E500DB6731 /* createButton@2x.png */ = {isa = PBXFileReference; lastKnownFileType = image.png; path = "createButton@2x.png"; sourceTree = "<group>"; };
		DE3D54BC17D93CE700DB6731 /* editButton@2x.png */ = {isa = PBXFileReference; lastKnownFileType = image.png; path = "editButton@2x.png"; sourceTree = "<group>"; };
		DE3D54BD17D93CE700DB6731 /* editButtonClick@2x.png */ = {isa = PBXFileReference; lastKnownFileType = image.png; path = "editButtonClick@2x.png"; sourceTree = "<group>"; };
		DE3D54C017D9403D00DB6731 /* connectionDetailBottom@2x.png */ = {isa = PBXFileReference; lastKnownFileType = image.png; path = "connectionDetailBottom@2x.png"; sourceTree = "<group>"; };
		DE3D54C117D9403D00DB6731 /* connectionDetailTitle@2x.png */ = {isa = PBXFileReference; lastKnownFileType = image.png; path = "connectionDetailTitle@2x.png"; sourceTree = "<group>"; };
		DE3D54C417D9557200DB6731 /* connectionButton@2x.png */ = {isa = PBXFileReference; lastKnownFileType = image.png; path = "connectionButton@2x.png"; sourceTree = "<group>"; };
		DE3D54C517D9557200DB6731 /* connectionButtonClick@2x.png */ = {isa = PBXFileReference; lastKnownFileType = image.png; path = "connectionButtonClick@2x.png"; sourceTree = "<group>"; };
		DE3D54C617D9557200DB6731 /* libButton@2x.png */ = {isa = PBXFileReference; lastKnownFileType = image.png; path = "libButton@2x.png"; sourceTree = "<group>"; };
		DE3D54C717D9557200DB6731 /* libButtonClick@2x.png */ = {isa = PBXFileReference; lastKnownFileType = image.png; path = "libButtonClick@2x.png"; sourceTree = "<group>"; };
		DE3D54CC17D9583500DB6731 /* LibraryCell.xib */ = {isa = PBXFileReference; fileEncoding = 4; lastKnownFileType = file.xib; path = LibraryCell.xib; sourceTree = "<group>"; };
		DE3D54CE17D95B1200DB6731 /* libTable@2x.png */ = {isa = PBXFileReference; lastKnownFileType = image.png; path = "libTable@2x.png"; sourceTree = "<group>"; };
		DE3D54CF17D95B1200DB6731 /* libTableBottom@2x.png */ = {isa = PBXFileReference; lastKnownFileType = image.png; path = "libTableBottom@2x.png"; sourceTree = "<group>"; };
		DE3D54D017D95B1200DB6731 /* libTableTop@2x.png */ = {isa = PBXFileReference; lastKnownFileType = image.png; path = "libTableTop@2x.png"; sourceTree = "<group>"; };
		DE3D54D417D9DAAB00DB6731 /* LibraryViewController.h */ = {isa = PBXFileReference; fileEncoding = 4; lastKnownFileType = sourcecode.c.h; path = LibraryViewController.h; sourceTree = "<group>"; };
		DE3D54D517D9DAAC00DB6731 /* LibraryViewController.m */ = {isa = PBXFileReference; fileEncoding = 4; lastKnownFileType = sourcecode.c.objc; path = LibraryViewController.m; sourceTree = "<group>"; };
		DE3D54D717D9DD6900DB6731 /* libDetailBottom@2x.png */ = {isa = PBXFileReference; lastKnownFileType = image.png; path = "libDetailBottom@2x.png"; sourceTree = "<group>"; };
		DE3D54D817D9DD6900DB6731 /* libDetailTitle@2x.png */ = {isa = PBXFileReference; lastKnownFileType = image.png; path = "libDetailTitle@2x.png"; sourceTree = "<group>"; };
		DE3D54DB17D9DDA900DB6731 /* libNav@2x.png */ = {isa = PBXFileReference; lastKnownFileType = image.png; path = "libNav@2x.png"; sourceTree = "<group>"; };
		DE3D54DD17D9E2A000DB6731 /* EditViewController.h */ = {isa = PBXFileReference; fileEncoding = 4; lastKnownFileType = sourcecode.c.h; path = EditViewController.h; sourceTree = "<group>"; };
		DE3D54DE17D9E2A200DB6731 /* EditViewController.m */ = {isa = PBXFileReference; fileEncoding = 4; lastKnownFileType = sourcecode.c.objc; path = EditViewController.m; sourceTree = "<group>"; };
		DE3D54E017D9E72500DB6731 /* gTextArea.h */ = {isa = PBXFileReference; fileEncoding = 4; lastKnownFileType = sourcecode.c.h; path = gTextArea.h; sourceTree = "<group>"; };
		DE3D54E117D9E72500DB6731 /* gTextArea.m */ = {isa = PBXFileReference; fileEncoding = 4; lastKnownFileType = sourcecode.c.objc; path = gTextArea.m; sourceTree = "<group>"; };
		DE3D54E317D9EC0300DB6731 /* editNavi@2x.png */ = {isa = PBXFileReference; lastKnownFileType = image.png; path = "editNavi@2x.png"; sourceTree = "<group>"; };
		DE3D54E517D9EC4100DB6731 /* cancelButton@2x.png */ = {isa = PBXFileReference; lastKnownFileType = image.png; path = "cancelButton@2x.png"; sourceTree = "<group>"; };
		DE3D54E617D9EC4200DB6731 /* cancelButtonClick@2x.png */ = {isa = PBXFileReference; lastKnownFileType = image.png; path = "cancelButtonClick@2x.png"; sourceTree = "<group>"; };
		DE3D54E717D9EC4300DB6731 /* sendButton@2x.png */ = {isa = PBXFileReference; lastKnownFileType = image.png; path = "sendButton@2x.png"; sourceTree = "<group>"; };
		DE3D54E817D9EC4400DB6731 /* sendButtonClick@2x.png */ = {isa = PBXFileReference; lastKnownFileType = image.png; path = "sendButtonClick@2x.png"; sourceTree = "<group>"; };
		DE3D54ED17DA018700DB6731 /* editContent@2x.png */ = {isa = PBXFileReference; lastKnownFileType = image.png; path = "editContent@2x.png"; sourceTree = "<group>"; };
		DE3D54EE17DA018800DB6731 /* editTitle@2x.png */ = {isa = PBXFileReference; lastKnownFileType = image.png; path = "editTitle@2x.png"; sourceTree = "<group>"; };
		DE3D54F117DA06EA00DB6731 /* UserViewController.h */ = {isa = PBXFileReference; fileEncoding = 4; lastKnownFileType = sourcecode.c.h; path = UserViewController.h; sourceTree = "<group>"; };
		DE3D54F217DA06EB00DB6731 /* UserViewController.m */ = {isa = PBXFileReference; fileEncoding = 4; lastKnownFileType = sourcecode.c.objc; path = UserViewController.m; sourceTree = "<group>"; };
		DE3D54F417DA09CA00DB6731 /* createButtonClick@2x.png */ = {isa = PBXFileReference; lastKnownFileType = image.png; path = "createButtonClick@2x.png"; sourceTree = "<group>"; };
		DE85A22017D7FC25002CD308 /* gTextField.h */ = {isa = PBXFileReference; fileEncoding = 4; lastKnownFileType = sourcecode.c.h; path = gTextField.h; sourceTree = "<group>"; };
		DE85A22117D7FC25002CD308 /* gTextField.m */ = {isa = PBXFileReference; fileEncoding = 4; lastKnownFileType = sourcecode.c.objc; path = gTextField.m; sourceTree = "<group>"; };
		DE85A22317D80553002CD308 /* AdminViewController.h */ = {isa = PBXFileReference; fileEncoding = 4; lastKnownFileType = sourcecode.c.h; path = AdminViewController.h; sourceTree = "<group>"; };
		DE85A22417D80553002CD308 /* AdminViewController.m */ = {isa = PBXFileReference; fileEncoding = 4; lastKnownFileType = sourcecode.c.objc; path = AdminViewController.m; sourceTree = "<group>"; };
		DE85A22717D80EC7002CD308 /* AFHTTPClient.h */ = {isa = PBXFileReference; fileEncoding = 4; lastKnownFileType = sourcecode.c.h; path = AFHTTPClient.h; sourceTree = "<group>"; };
		DE85A22817D80EC7002CD308 /* AFHTTPClient.m */ = {isa = PBXFileReference; fileEncoding = 4; lastKnownFileType = sourcecode.c.objc; path = AFHTTPClient.m; sourceTree = "<group>"; };
		DE85A22917D80EC7002CD308 /* AFHTTPRequestOperation.h */ = {isa = PBXFileReference; fileEncoding = 4; lastKnownFileType = sourcecode.c.h; path = AFHTTPRequestOperation.h; sourceTree = "<group>"; };
		DE85A22A17D80EC7002CD308 /* AFHTTPRequestOperation.m */ = {isa = PBXFileReference; fileEncoding = 4; lastKnownFileType = sourcecode.c.objc; path = AFHTTPRequestOperation.m; sourceTree = "<group>"; };
		DE85A22B17D80EC7002CD308 /* AFImageRequestOperation.h */ = {isa = PBXFileReference; fileEncoding = 4; lastKnownFileType = sourcecode.c.h; path = AFImageRequestOperation.h; sourceTree = "<group>"; };
		DE85A22C17D80EC7002CD308 /* AFImageRequestOperation.m */ = {isa = PBXFileReference; fileEncoding = 4; lastKnownFileType = sourcecode.c.objc; path = AFImageRequestOperation.m; sourceTree = "<group>"; };
		DE85A22D17D80EC7002CD308 /* AFJSONRequestOperation.h */ = {isa = PBXFileReference; fileEncoding = 4; lastKnownFileType = sourcecode.c.h; path = AFJSONRequestOperation.h; sourceTree = "<group>"; };
		DE85A22E17D80EC7002CD308 /* AFJSONRequestOperation.m */ = {isa = PBXFileReference; fileEncoding = 4; lastKnownFileType = sourcecode.c.objc; path = AFJSONRequestOperation.m; sourceTree = "<group>"; };
		DE85A22F17D80EC7002CD308 /* AFJSONUtilities.h */ = {isa = PBXFileReference; fileEncoding = 4; lastKnownFileType = sourcecode.c.h; path = AFJSONUtilities.h; sourceTree = "<group>"; };
		DE85A23017D80EC7002CD308 /* AFJSONUtilities.m */ = {isa = PBXFileReference; fileEncoding = 4; lastKnownFileType = sourcecode.c.objc; path = AFJSONUtilities.m; sourceTree = "<group>"; };
		DE85A23117D80EC7002CD308 /* AFNetworkActivityIndicatorManager.h */ = {isa = PBXFileReference; fileEncoding = 4; lastKnownFileType = sourcecode.c.h; path = AFNetworkActivityIndicatorManager.h; sourceTree = "<group>"; };
		DE85A23217D80EC7002CD308 /* AFNetworkActivityIndicatorManager.m */ = {isa = PBXFileReference; fileEncoding = 4; lastKnownFileType = sourcecode.c.objc; path = AFNetworkActivityIndicatorManager.m; sourceTree = "<group>"; };
		DE85A23317D80EC7002CD308 /* AFNetworking.h */ = {isa = PBXFileReference; fileEncoding = 4; lastKnownFileType = sourcecode.c.h; path = AFNetworking.h; sourceTree = "<group>"; };
		DE85A23417D80EC7002CD308 /* AFPropertyListRequestOperation.h */ = {isa = PBXFileReference; fileEncoding = 4; lastKnownFileType = sourcecode.c.h; path = AFPropertyListRequestOperation.h; sourceTree = "<group>"; };
		DE85A23517D80EC7002CD308 /* AFPropertyListRequestOperation.m */ = {isa = PBXFileReference; fileEncoding = 4; lastKnownFileType = sourcecode.c.objc; path = AFPropertyListRequestOperation.m; sourceTree = "<group>"; };
		DE85A23617D80EC7002CD308 /* AFURLConnectionOperation.h */ = {isa = PBXFileReference; fileEncoding = 4; lastKnownFileType = sourcecode.c.h; path = AFURLConnectionOperation.h; sourceTree = "<group>"; };
		DE85A23717D80EC7002CD308 /* AFURLConnectionOperation.m */ = {isa = PBXFileReference; fileEncoding = 4; lastKnownFileType = sourcecode.c.objc; path = AFURLConnectionOperation.m; sourceTree = "<group>"; };
		DE85A23817D80EC7002CD308 /* AFXMLRequestOperation.h */ = {isa = PBXFileReference; fileEncoding = 4; lastKnownFileType = sourcecode.c.h; path = AFXMLRequestOperation.h; sourceTree = "<group>"; };
		DE85A23917D80EC7002CD308 /* AFXMLRequestOperation.m */ = {isa = PBXFileReference; fileEncoding = 4; lastKnownFileType = sourcecode.c.objc; path = AFXMLRequestOperation.m; sourceTree = "<group>"; };
		DE85A23A17D80EC7002CD308 /* UIImageView+AFNetworking.h */ = {isa = PBXFileReference; fileEncoding = 4; lastKnownFileType = sourcecode.c.h; path = "UIImageView+AFNetworking.h"; sourceTree = "<group>"; };
		DE85A23B17D80EC7002CD308 /* UIImageView+AFNetworking.m */ = {isa = PBXFileReference; fileEncoding = 4; lastKnownFileType = sourcecode.c.objc; path = "UIImageView+AFNetworking.m"; sourceTree = "<group>"; };
		DE85A23D17D80EC7002CD308 /* JSON.h */ = {isa = PBXFileReference; fileEncoding = 4; lastKnownFileType = sourcecode.c.h; path = JSON.h; sourceTree = "<group>"; };
		DE85A23E17D80EC7002CD308 /* NSObject+SBJSON.h */ = {isa = PBXFileReference; fileEncoding = 4; lastKnownFileType = sourcecode.c.h; path = "NSObject+SBJSON.h"; sourceTree = "<group>"; };
		DE85A23F17D80EC7002CD308 /* NSObject+SBJSON.m */ = {isa = PBXFileReference; fileEncoding = 4; lastKnownFileType = sourcecode.c.objc; path = "NSObject+SBJSON.m"; sourceTree = "<group>"; };
		DE85A24017D80EC7002CD308 /* NSString+SBJSON.h */ = {isa = PBXFileReference; fileEncoding = 4; lastKnownFileType = sourcecode.c.h; path = "NSString+SBJSON.h"; sourceTree = "<group>"; };
		DE85A24117D80EC7002CD308 /* NSString+SBJSON.m */ = {isa = PBXFileReference; fileEncoding = 4; lastKnownFileType = sourcecode.c.objc; path = "NSString+SBJSON.m"; sourceTree = "<group>"; };
		DE85A24217D80EC7002CD308 /* SBJSON.h */ = {isa = PBXFileReference; fileEncoding = 4; lastKnownFileType = sourcecode.c.h; path = SBJSON.h; sourceTree = "<group>"; };
		DE85A24317D80EC7002CD308 /* SBJSON.m */ = {isa = PBXFileReference; fileEncoding = 4; lastKnownFileType = sourcecode.c.objc; path = SBJSON.m; sourceTree = "<group>"; };
		DE85A24417D80EC7002CD308 /* SBJsonBase.h */ = {isa = PBXFileReference; fileEncoding = 4; lastKnownFileType = sourcecode.c.h; path = SBJsonBase.h; sourceTree = "<group>"; };
		DE85A24517D80EC7002CD308 /* SBJsonBase.m */ = {isa = PBXFileReference; fileEncoding = 4; lastKnownFileType = sourcecode.c.objc; path = SBJsonBase.m; sourceTree = "<group>"; };
		DE85A24617D80EC7002CD308 /* SBJsonParser.h */ = {isa = PBXFileReference; fileEncoding = 4; lastKnownFileType = sourcecode.c.h; path = SBJsonParser.h; sourceTree = "<group>"; };
		DE85A24717D80EC7002CD308 /* SBJsonParser.m */ = {isa = PBXFileReference; fileEncoding = 4; lastKnownFileType = sourcecode.c.objc; path = SBJsonParser.m; sourceTree = "<group>"; };
		DE85A24817D80EC7002CD308 /* SBJsonWriter.h */ = {isa = PBXFileReference; fileEncoding = 4; lastKnownFileType = sourcecode.c.h; path = SBJsonWriter.h; sourceTree = "<group>"; };
		DE85A24917D80EC7002CD308 /* SBJsonWriter.m */ = {isa = PBXFileReference; fileEncoding = 4; lastKnownFileType = sourcecode.c.objc; path = SBJsonWriter.m; sourceTree = "<group>"; };
		DE85A25A17D81467002CD308 /* backgroundSmall@2x.png */ = {isa = PBXFileReference; lastKnownFileType = image.png; path = "backgroundSmall@2x.png"; sourceTree = "<group>"; };
		DEEC0B5B17CF5D350096B21F /* Poseidon.app */ = {isa = PBXFileReference; explicitFileType = wrapper.application; includeInIndex = 0; path = Poseidon.app; sourceTree = BUILT_PRODUCTS_DIR; };
		DEEC0B5E17CF5D350096B21F /* UIKit.framework */ = {isa = PBXFileReference; lastKnownFileType = wrapper.framework; name = UIKit.framework; path = System/Library/Frameworks/UIKit.framework; sourceTree = SDKROOT; };
		DEEC0B6017CF5D350096B21F /* Foundation.framework */ = {isa = PBXFileReference; lastKnownFileType = wrapper.framework; name = Foundation.framework; path = System/Library/Frameworks/Foundation.framework; sourceTree = SDKROOT; };
		DEEC0B6217CF5D350096B21F /* CoreGraphics.framework */ = {isa = PBXFileReference; lastKnownFileType = wrapper.framework; name = CoreGraphics.framework; path = System/Library/Frameworks/CoreGraphics.framework; sourceTree = SDKROOT; };
		DEEC0B6617CF5D350096B21F /* Poseidon-Info.plist */ = {isa = PBXFileReference; lastKnownFileType = text.plist.xml; path = "Poseidon-Info.plist"; sourceTree = "<group>"; };
		DEEC0B6817CF5D350096B21F /* en */ = {isa = PBXFileReference; lastKnownFileType = text.plist.strings; name = en; path = en.lproj/InfoPlist.strings; sourceTree = "<group>"; };
		DEEC0B6A17CF5D350096B21F /* main.m */ = {isa = PBXFileReference; lastKnownFileType = sourcecode.c.objc; path = main.m; sourceTree = "<group>"; };
		DEEC0B6C17CF5D350096B21F /* Poseidon-Prefix.pch */ = {isa = PBXFileReference; lastKnownFileType = sourcecode.c.h; path = "Poseidon-Prefix.pch"; sourceTree = "<group>"; };
		DEEC0B6D17CF5D350096B21F /* goshanAppDelegate.h */ = {isa = PBXFileReference; lastKnownFileType = sourcecode.c.h; path = goshanAppDelegate.h; sourceTree = "<group>"; };
		DEEC0B6E17CF5D350096B21F /* goshanAppDelegate.m */ = {isa = PBXFileReference; lastKnownFileType = sourcecode.c.objc; path = goshanAppDelegate.m; sourceTree = "<group>"; };
		DEEC0B7017CF5D350096B21F /* Default.png */ = {isa = PBXFileReference; lastKnownFileType = image.png; path = Default.png; sourceTree = "<group>"; };
		DEEC0B7217CF5D350096B21F /* Default@2x.png */ = {isa = PBXFileReference; lastKnownFileType = image.png; path = "Default@2x.png"; sourceTree = "<group>"; };
		DEEC0B7417CF5D350096B21F /* Default-568h@2x.png */ = {isa = PBXFileReference; lastKnownFileType = image.png; path = "Default-568h@2x.png"; sourceTree = "<group>"; };
		DEEC0B8717CF5D350096B21F /* PoseidonTests.octest */ = {isa = PBXFileReference; explicitFileType = wrapper.cfbundle; includeInIndex = 0; path = PoseidonTests.octest; sourceTree = BUILT_PRODUCTS_DIR; };
		DEEC0B8817CF5D350096B21F /* SenTestingKit.framework */ = {isa = PBXFileReference; lastKnownFileType = wrapper.framework; name = SenTestingKit.framework; path = Library/Frameworks/SenTestingKit.framework; sourceTree = DEVELOPER_DIR; };
		DEEC0B9017CF5D350096B21F /* PoseidonTests-Info.plist */ = {isa = PBXFileReference; lastKnownFileType = text.plist.xml; path = "PoseidonTests-Info.plist"; sourceTree = "<group>"; };
		DEEC0B9217CF5D350096B21F /* en */ = {isa = PBXFileReference; lastKnownFileType = text.plist.strings; name = en; path = en.lproj/InfoPlist.strings; sourceTree = "<group>"; };
		DEEC0B9417CF5D350096B21F /* PoseidonTests.h */ = {isa = PBXFileReference; lastKnownFileType = sourcecode.c.h; path = PoseidonTests.h; sourceTree = "<group>"; };
		DEEC0B9517CF5D350096B21F /* PoseidonTests.m */ = {isa = PBXFileReference; lastKnownFileType = sourcecode.c.objc; path = PoseidonTests.m; sourceTree = "<group>"; };
		DEEC0BB017CF6BA90096B21F /* gAnimation.h */ = {isa = PBXFileReference; fileEncoding = 4; lastKnownFileType = sourcecode.c.h; path = gAnimation.h; sourceTree = "<group>"; };
		DEEC0BB117CF6BA90096B21F /* gAnimation.m */ = {isa = PBXFileReference; fileEncoding = 4; lastKnownFileType = sourcecode.c.objc; path = gAnimation.m; sourceTree = "<group>"; };
		DEEC0BB317CF6DF90096B21F /* Util.h */ = {isa = PBXFileReference; fileEncoding = 4; lastKnownFileType = sourcecode.c.h; path = Util.h; sourceTree = "<group>"; };
		DEEC0BB417CF6DF90096B21F /* Util.m */ = {isa = PBXFileReference; fileEncoding = 4; lastKnownFileType = sourcecode.c.objc; path = Util.m; sourceTree = "<group>"; };
		DEEC0BBD17CF70970096B21F /* motion@2x.png */ = {isa = PBXFileReference; lastKnownFileType = image.png; path = "motion@2x.png"; sourceTree = "<group>"; };
		DEEC0BBF17CF95650096B21F /* MainViewController.h */ = {isa = PBXFileReference; fileEncoding = 4; lastKnownFileType = sourcecode.c.h; path = MainViewController.h; sourceTree = "<group>"; };
		DEEC0BC017CF95650096B21F /* MainViewController.m */ = {isa = PBXFileReference; fileEncoding = 4; lastKnownFileType = sourcecode.c.objc; path = MainViewController.m; sourceTree = "<group>"; };
		DEEC0BD117CFA4E20096B21F /* LoginViewController.h */ = {isa = PBXFileReference; fileEncoding = 4; lastKnownFileType = sourcecode.c.h; path = LoginViewController.h; sourceTree = "<group>"; };
		DEEC0BD217CFA4E20096B21F /* LoginViewController.m */ = {isa = PBXFileReference; fileEncoding = 4; lastKnownFileType = sourcecode.c.objc; path = LoginViewController.m; sourceTree = "<group>"; };
/* End PBXFileReference section */

/* Begin PBXFrameworksBuildPhase section */
		DEEC0B5817CF5D350096B21F /* Frameworks */ = {
			isa = PBXFrameworksBuildPhase;
			buildActionMask = 2147483647;
			files = (
				DEEC0B5F17CF5D350096B21F /* UIKit.framework in Frameworks */,
				DEEC0B6117CF5D350096B21F /* Foundation.framework in Frameworks */,
				DEEC0B6317CF5D350096B21F /* CoreGraphics.framework in Frameworks */,
			);
			runOnlyForDeploymentPostprocessing = 0;
		};
		DEEC0B8317CF5D350096B21F /* Frameworks */ = {
			isa = PBXFrameworksBuildPhase;
			buildActionMask = 2147483647;
			files = (
				DEEC0B8917CF5D350096B21F /* SenTestingKit.framework in Frameworks */,
				DEEC0B8A17CF5D350096B21F /* UIKit.framework in Frameworks */,
				DEEC0B8B17CF5D350096B21F /* Foundation.framework in Frameworks */,
			);
			runOnlyForDeploymentPostprocessing = 0;
		};
/* End PBXFrameworksBuildPhase section */

/* Begin PBXGroup section */
		DE85A22617D80EC7002CD308 /* AFNetworking */ = {
			isa = PBXGroup;
			children = (
				DE85A22717D80EC7002CD308 /* AFHTTPClient.h */,
				DE85A22817D80EC7002CD308 /* AFHTTPClient.m */,
				DE85A22917D80EC7002CD308 /* AFHTTPRequestOperation.h */,
				DE85A22A17D80EC7002CD308 /* AFHTTPRequestOperation.m */,
				DE85A22B17D80EC7002CD308 /* AFImageRequestOperation.h */,
				DE85A22C17D80EC7002CD308 /* AFImageRequestOperation.m */,
				DE85A22D17D80EC7002CD308 /* AFJSONRequestOperation.h */,
				DE85A22E17D80EC7002CD308 /* AFJSONRequestOperation.m */,
				DE85A22F17D80EC7002CD308 /* AFJSONUtilities.h */,
				DE85A23017D80EC7002CD308 /* AFJSONUtilities.m */,
				DE85A23117D80EC7002CD308 /* AFNetworkActivityIndicatorManager.h */,
				DE85A23217D80EC7002CD308 /* AFNetworkActivityIndicatorManager.m */,
				DE85A23317D80EC7002CD308 /* AFNetworking.h */,
				DE85A23417D80EC7002CD308 /* AFPropertyListRequestOperation.h */,
				DE85A23517D80EC7002CD308 /* AFPropertyListRequestOperation.m */,
				DE85A23617D80EC7002CD308 /* AFURLConnectionOperation.h */,
				DE85A23717D80EC7002CD308 /* AFURLConnectionOperation.m */,
				DE85A23817D80EC7002CD308 /* AFXMLRequestOperation.h */,
				DE85A23917D80EC7002CD308 /* AFXMLRequestOperation.m */,
				DE85A23A17D80EC7002CD308 /* UIImageView+AFNetworking.h */,
				DE85A23B17D80EC7002CD308 /* UIImageView+AFNetworking.m */,
			);
			path = AFNetworking;
			sourceTree = "<group>";
		};
		DE85A23C17D80EC7002CD308 /* JSON_for_API */ = {
			isa = PBXGroup;
			children = (
				DE85A23D17D80EC7002CD308 /* JSON.h */,
				DE85A23E17D80EC7002CD308 /* NSObject+SBJSON.h */,
				DE85A23F17D80EC7002CD308 /* NSObject+SBJSON.m */,
				DE85A24017D80EC7002CD308 /* NSString+SBJSON.h */,
				DE85A24117D80EC7002CD308 /* NSString+SBJSON.m */,
				DE85A24217D80EC7002CD308 /* SBJSON.h */,
				DE85A24317D80EC7002CD308 /* SBJSON.m */,
				DE85A24417D80EC7002CD308 /* SBJsonBase.h */,
				DE85A24517D80EC7002CD308 /* SBJsonBase.m */,
				DE85A24617D80EC7002CD308 /* SBJsonParser.h */,
				DE85A24717D80EC7002CD308 /* SBJsonParser.m */,
				DE85A24817D80EC7002CD308 /* SBJsonWriter.h */,
				DE85A24917D80EC7002CD308 /* SBJsonWriter.m */,
			);
			path = JSON_for_API;
			sourceTree = "<group>";
		};
		DEEC0B5217CF5D350096B21F = {
			isa = PBXGroup;
			children = (
				DEEC0B6417CF5D350096B21F /* Poseidon */,
				DEEC0B8E17CF5D350096B21F /* PoseidonTests */,
				DEEC0B5D17CF5D350096B21F /* Frameworks */,
				DEEC0B5C17CF5D350096B21F /* Products */,
			);
			sourceTree = "<group>";
		};
		DEEC0B5C17CF5D350096B21F /* Products */ = {
			isa = PBXGroup;
			children = (
				DEEC0B5B17CF5D350096B21F /* Poseidon.app */,
				DEEC0B8717CF5D350096B21F /* PoseidonTests.octest */,
			);
			name = Products;
			sourceTree = "<group>";
		};
		DEEC0B5D17CF5D350096B21F /* Frameworks */ = {
			isa = PBXGroup;
			children = (
				DEEC0B5E17CF5D350096B21F /* UIKit.framework */,
				DEEC0B6017CF5D350096B21F /* Foundation.framework */,
				DEEC0B6217CF5D350096B21F /* CoreGraphics.framework */,
				DEEC0B8817CF5D350096B21F /* SenTestingKit.framework */,
			);
			name = Frameworks;
			sourceTree = "<group>";
		};
		DEEC0B6417CF5D350096B21F /* Poseidon */ = {
			isa = PBXGroup;
			children = (
				DEEC0B6D17CF5D350096B21F /* goshanAppDelegate.h */,
				DEEC0B6E17CF5D350096B21F /* goshanAppDelegate.m */,
				DEEC0BAF17CF6B990096B21F /* Utils */,
				DEEC0BD017CFA4AF0096B21F /* Controllers */,
				DEEC0BCF17CFA4A80096B21F /* Views */,
				DEEC0BD617CFA88C0096B21F /* Plugins */,
				DEEC0BCE17CFA49C0096B21F /* Models */,
				DEEC0BAA17CF64F80096B21F /* Resources */,
				DEEC0B6517CF5D350096B21F /* Supporting Files */,
			);
			path = Poseidon;
			sourceTree = "<group>";
		};
		DEEC0B6517CF5D350096B21F /* Supporting Files */ = {
			isa = PBXGroup;
			children = (
				DEEC0B6617CF5D350096B21F /* Poseidon-Info.plist */,
				DEEC0B6717CF5D350096B21F /* InfoPlist.strings */,
				DEEC0B6A17CF5D350096B21F /* main.m */,
				DEEC0B6C17CF5D350096B21F /* Poseidon-Prefix.pch */,
			);
			name = "Supporting Files";
			sourceTree = "<group>";
		};
		DEEC0B8E17CF5D350096B21F /* PoseidonTests */ = {
			isa = PBXGroup;
			children = (
				DEEC0B9417CF5D350096B21F /* PoseidonTests.h */,
				DEEC0B9517CF5D350096B21F /* PoseidonTests.m */,
				DEEC0B8F17CF5D350096B21F /* Supporting Files */,
			);
			path = PoseidonTests;
			sourceTree = "<group>";
		};
		DEEC0B8F17CF5D350096B21F /* Supporting Files */ = {
			isa = PBXGroup;
			children = (
				DEEC0B9017CF5D350096B21F /* PoseidonTests-Info.plist */,
				DEEC0B9117CF5D350096B21F /* InfoPlist.strings */,
			);
			name = "Supporting Files";
			sourceTree = "<group>";
		};
		DEEC0BAA17CF64F80096B21F /* Resources */ = {
			isa = PBXGroup;
			children = (
				DE3D54BA17D939E500DB6731 /* createButton@2x.png */,
				DE3D54F417DA09CA00DB6731 /* createButtonClick@2x.png */,
				DE3D54ED17DA018700DB6731 /* editContent@2x.png */,
				DE3D54EE17DA018800DB6731 /* editTitle@2x.png */,
				DE3D54E517D9EC4100DB6731 /* cancelButton@2x.png */,
				DE3D54E617D9EC4200DB6731 /* cancelButtonClick@2x.png */,
				DE3D54E717D9EC4300DB6731 /* sendButton@2x.png */,
				DE3D54E817D9EC4400DB6731 /* sendButtonClick@2x.png */,
				DE3D54E317D9EC0300DB6731 /* editNavi@2x.png */,
				DE3D54DB17D9DDA900DB6731 /* libNav@2x.png */,
				DE3D54D717D9DD6900DB6731 /* libDetailBottom@2x.png */,
				DE3D54D817D9DD6900DB6731 /* libDetailTitle@2x.png */,
				DE3D54CE17D95B1200DB6731 /* libTable@2x.png */,
				DE3D54CF17D95B1200DB6731 /* libTableBottom@2x.png */,
				DE3D54D017D95B1200DB6731 /* libTableTop@2x.png */,
				DE3D54C417D9557200DB6731 /* connectionButton@2x.png */,
				DE3D54C517D9557200DB6731 /* connectionButtonClick@2x.png */,
				DE3D54C617D9557200DB6731 /* libButton@2x.png */,
				DE3D54C717D9557200DB6731 /* libButtonClick@2x.png */,
				DE3D54C017D9403D00DB6731 /* connectionDetailBottom@2x.png */,
				DE3D54C117D9403D00DB6731 /* connectionDetailTitle@2x.png */,
				DE3D54BC17D93CE700DB6731 /* editButton@2x.png */,
				DE3D54BD17D93CE700DB6731 /* editButtonClick@2x.png */,
				DE3D54B417D92C8F00DB6731 /* detailNavi@2x.png */,
				DE3D54AB17D8A1F400DB6731 /* connectionTable@2x.png */,
				DE3D54AC17D8A1F400DB6731 /* connectionTableBottom@2x.png */,
				DE3D54AD17D8A1F400DB6731 /* connectionTableTop@2x.png */,
				DE3D54A517D89A8A00DB6731 /* backButton@2x.png */,
				DE3D54A617D89A8A00DB6731 /* backButtonClick@2x.png */,
				DE3D54A717D89A8A00DB6731 /* connectionNav@2x.png */,
				DE85A25A17D81467002CD308 /* backgroundSmall@2x.png */,
				DE01870A17D5061700358965 /* loginLogoSmall@2x.png */,
				DE01870617D5048400358965 /* loginEBText@2x.png */,
				DE01870717D5048400358965 /* loginLogoLarge@2x.png */,
				DE01870217D5012200358965 /* loginButton@2x.png */,
				DE01870317D5012200358965 /* loginButtonClick@2x.png */,
				DE0186FD17D4AF8D00358965 /* loginInput@2x.png */,
				DE0186F917D4AE5600358965 /* loginPW@2x.png */,
				DE0186FA17D4AE5600358965 /* loginUsername@2x.png */,
				DE0186F717D4AD7700358965 /* loginText@2x.png */,
				DE0186F517D4AD0E00358965 /* fullScreenBg@2x.png */,
				DE0186F317D4A50000358965 /* icon.png */,
				DEEC0B7017CF5D350096B21F /* Default.png */,
				DEEC0B7217CF5D350096B21F /* Default@2x.png */,
				DEEC0B7417CF5D350096B21F /* Default-568h@2x.png */,
				DE0186F117D4A41100358965 /* banner@2x.png */,
				DEEC0BBD17CF70970096B21F /* motion@2x.png */,
			);
			name = Resources;
			sourceTree = "<group>";
		};
		DEEC0BAF17CF6B990096B21F /* Utils */ = {
			isa = PBXGroup;
			children = (
				DEEC0BB317CF6DF90096B21F /* Util.h */,
				DEEC0BB417CF6DF90096B21F /* Util.m */,
			);
			name = Utils;
			sourceTree = "<group>";
		};
		DEEC0BCE17CFA49C0096B21F /* Models */ = {
			isa = PBXGroup;
			children = (
			);
			name = Models;
			sourceTree = "<group>";
		};
		DEEC0BCF17CFA4A80096B21F /* Views */ = {
			isa = PBXGroup;
			children = (
				DE85A22017D7FC25002CD308 /* gTextField.h */,
				DE85A22117D7FC25002CD308 /* gTextField.m */,
				DE3D54E017D9E72500DB6731 /* gTextArea.h */,
				DE3D54E117D9E72500DB6731 /* gTextArea.m */,
				DE3D54A317D8983E00DB6731 /* ConnectionCell.xib */,
				DE3D54CC17D9583500DB6731 /* LibraryCell.xib */,
			);
			name = Views;
			sourceTree = "<group>";
		};
		DEEC0BD017CFA4AF0096B21F /* Controllers */ = {
			isa = PBXGroup;
			children = (
				DEEC0BBF17CF95650096B21F /* MainViewController.h */,
				DEEC0BC017CF95650096B21F /* MainViewController.m */,
				DEEC0BD117CFA4E20096B21F /* LoginViewController.h */,
				DEEC0BD217CFA4E20096B21F /* LoginViewController.m */,
				DE85A22317D80553002CD308 /* AdminViewController.h */,
				DE85A22417D80553002CD308 /* AdminViewController.m */,
				DE3D54B117D91CEB00DB6731 /* ConnectionViewController.h */,
				DE3D54B217D91CEB00DB6731 /* ConnectionViewController.m */,
				DE3D54D417D9DAAB00DB6731 /* LibraryViewController.h */,
				DE3D54D517D9DAAC00DB6731 /* LibraryViewController.m */,
				DE3D54DD17D9E2A000DB6731 /* EditViewController.h */,
				DE3D54DE17D9E2A200DB6731 /* EditViewController.m */,
				DE3D54F117DA06EA00DB6731 /* UserViewController.h */,
				DE3D54F217DA06EB00DB6731 /* UserViewController.m */,
			);
			name = Controllers;
			sourceTree = "<group>";
		};
		DEEC0BD617CFA88C0096B21F /* Plugins */ = {
			isa = PBXGroup;
			children = (
				DE85A22617D80EC7002CD308 /* AFNetworking */,
				DE85A23C17D80EC7002CD308 /* JSON_for_API */,
				DEEC0BB017CF6BA90096B21F /* gAnimation.h */,
				DEEC0BB117CF6BA90096B21F /* gAnimation.m */,
			);
			name = Plugins;
			sourceTree = "<group>";
		};
/* End PBXGroup section */

/* Begin PBXNativeTarget section */
		DEEC0B5A17CF5D350096B21F /* Poseidon */ = {
			isa = PBXNativeTarget;
			buildConfigurationList = DEEC0B9917CF5D350096B21F /* Build configuration list for PBXNativeTarget "Poseidon" */;
			buildPhases = (
				DEEC0B5717CF5D350096B21F /* Sources */,
				DEEC0B5817CF5D350096B21F /* Frameworks */,
				DEEC0B5917CF5D350096B21F /* Resources */,
			);
			buildRules = (
			);
			dependencies = (
			);
			name = Poseidon;
			productName = Poseidon;
			productReference = DEEC0B5B17CF5D350096B21F /* Poseidon.app */;
			productType = "com.apple.product-type.application";
		};
		DEEC0B8617CF5D350096B21F /* PoseidonTests */ = {
			isa = PBXNativeTarget;
			buildConfigurationList = DEEC0B9C17CF5D350096B21F /* Build configuration list for PBXNativeTarget "PoseidonTests" */;
			buildPhases = (
				DEEC0B8217CF5D350096B21F /* Sources */,
				DEEC0B8317CF5D350096B21F /* Frameworks */,
				DEEC0B8417CF5D350096B21F /* Resources */,
				DEEC0B8517CF5D350096B21F /* ShellScript */,
			);
			buildRules = (
			);
			dependencies = (
				DEEC0B8D17CF5D350096B21F /* PBXTargetDependency */,
			);
			name = PoseidonTests;
			productName = PoseidonTests;
			productReference = DEEC0B8717CF5D350096B21F /* PoseidonTests.octest */;
			productType = "com.apple.product-type.bundle";
		};
/* End PBXNativeTarget section */

/* Begin PBXProject section */
		DEEC0B5317CF5D350096B21F /* Project object */ = {
			isa = PBXProject;
			attributes = {
				LastUpgradeCheck = 0460;
				ORGANIZATIONNAME = goshan;
			};
			buildConfigurationList = DEEC0B5617CF5D350096B21F /* Build configuration list for PBXProject "Poseidon" */;
			compatibilityVersion = "Xcode 3.2";
			developmentRegion = English;
			hasScannedForEncodings = 0;
			knownRegions = (
				en,
			);
			mainGroup = DEEC0B5217CF5D350096B21F;
			productRefGroup = DEEC0B5C17CF5D350096B21F /* Products */;
			projectDirPath = "";
			projectRoot = "";
			targets = (
				DEEC0B5A17CF5D350096B21F /* Poseidon */,
				DEEC0B8617CF5D350096B21F /* PoseidonTests */,
			);
		};
/* End PBXProject section */

/* Begin PBXResourcesBuildPhase section */
		DEEC0B5917CF5D350096B21F /* Resources */ = {
			isa = PBXResourcesBuildPhase;
			buildActionMask = 2147483647;
			files = (
				DEEC0B6917CF5D350096B21F /* InfoPlist.strings in Resources */,
				DEEC0B7117CF5D350096B21F /* Default.png in Resources */,
				DEEC0B7317CF5D350096B21F /* Default@2x.png in Resources */,
				DEEC0B7517CF5D350096B21F /* Default-568h@2x.png in Resources */,
				DEEC0BBE17CF70970096B21F /* motion@2x.png in Resources */,
				DE0186F217D4A41100358965 /* banner@2x.png in Resources */,
				DE0186F417D4A50000358965 /* icon.png in Resources */,
				DE0186F617D4AD0E00358965 /* fullScreenBg@2x.png in Resources */,
				DE0186F817D4AD7700358965 /* loginText@2x.png in Resources */,
				DE0186FB17D4AE5600358965 /* loginPW@2x.png in Resources */,
				DE0186FC17D4AE5600358965 /* loginUsername@2x.png in Resources */,
				DE0186FE17D4AF8D00358965 /* loginInput@2x.png in Resources */,
				DE01870417D5012200358965 /* loginButton@2x.png in Resources */,
				DE01870517D5012200358965 /* loginButtonClick@2x.png in Resources */,
				DE01870817D5048400358965 /* loginEBText@2x.png in Resources */,
				DE01870917D5048400358965 /* loginLogoLarge@2x.png in Resources */,
				DE01870B17D5061700358965 /* loginLogoSmall@2x.png in Resources */,
				DE85A25B17D81467002CD308 /* backgroundSmall@2x.png in Resources */,
				DE3D54A417D8983E00DB6731 /* ConnectionCell.xib in Resources */,
				DE3D54A817D89A8A00DB6731 /* backButton@2x.png in Resources */,
				DE3D54A917D89A8A00DB6731 /* backButtonClick@2x.png in Resources */,
				DE3D54AA17D89A8A00DB6731 /* connectionNav@2x.png in Resources */,
				DE3D54AE17D8A1F400DB6731 /* connectionTable@2x.png in Resources */,
				DE3D54AF17D8A1F400DB6731 /* connectionTableBottom@2x.png in Resources */,
				DE3D54B017D8A1F400DB6731 /* connectionTableTop@2x.png in Resources */,
				DE3D54B717D92C8F00DB6731 /* detailNavi@2x.png in Resources */,
				DE3D54BB17D939E500DB6731 /* createButton@2x.png in Resources */,
				DE3D54BE17D93CE700DB6731 /* editButton@2x.png in Resources */,
				DE3D54BF17D93CE700DB6731 /* editButtonClick@2x.png in Resources */,
				DE3D54C217D9403D00DB6731 /* connectionDetailBottom@2x.png in Resources */,
				DE3D54C317D9403D00DB6731 /* connectionDetailTitle@2x.png in Resources */,
				DE3D54C817D9557200DB6731 /* connectionButton@2x.png in Resources */,
				DE3D54C917D9557200DB6731 /* connectionButtonClick@2x.png in Resources */,
				DE3D54CA17D9557200DB6731 /* libButton@2x.png in Resources */,
				DE3D54CB17D9557200DB6731 /* libButtonClick@2x.png in Resources */,
				DE3D54CD17D9583500DB6731 /* LibraryCell.xib in Resources */,
				DE3D54D117D95B1200DB6731 /* libTable@2x.png in Resources */,
				DE3D54D217D95B1200DB6731 /* libTableBottom@2x.png in Resources */,
				DE3D54D317D95B1200DB6731 /* libTableTop@2x.png in Resources */,
				DE3D54D917D9DD6A00DB6731 /* libDetailBottom@2x.png in Resources */,
				DE3D54DA17D9DD6A00DB6731 /* libDetailTitle@2x.png in Resources */,
				DE3D54DC17D9DDAA00DB6731 /* libNav@2x.png in Resources */,
				DE3D54E417D9EC0300DB6731 /* editNavi@2x.png in Resources */,
				DE3D54E917D9EC4500DB6731 /* cancelButton@2x.png in Resources */,
				DE3D54EA17D9EC4500DB6731 /* cancelButtonClick@2x.png in Resources */,
				DE3D54EB17D9EC4500DB6731 /* sendButton@2x.png in Resources */,
				DE3D54EC17D9EC4500DB6731 /* sendButtonClick@2x.png in Resources */,
				DE3D54EF17DA018900DB6731 /* editContent@2x.png in Resources */,
				DE3D54F017DA018900DB6731 /* editTitle@2x.png in Resources */,
				DE3D54F517DA09CB00DB6731 /* createButtonClick@2x.png in Resources */,
			);
			runOnlyForDeploymentPostprocessing = 0;
		};
		DEEC0B8417CF5D350096B21F /* Resources */ = {
			isa = PBXResourcesBuildPhase;
			buildActionMask = 2147483647;
			files = (
				DEEC0B9317CF5D350096B21F /* InfoPlist.strings in Resources */,
			);
			runOnlyForDeploymentPostprocessing = 0;
		};
/* End PBXResourcesBuildPhase section */

/* Begin PBXShellScriptBuildPhase section */
		DEEC0B8517CF5D350096B21F /* ShellScript */ = {
			isa = PBXShellScriptBuildPhase;
			buildActionMask = 2147483647;
			files = (
			);
			inputPaths = (
			);
			outputPaths = (
			);
			runOnlyForDeploymentPostprocessing = 0;
			shellPath = /bin/sh;
			shellScript = "# Run the unit tests in this test bundle.\n\"${SYSTEM_DEVELOPER_DIR}/Tools/RunUnitTests\"\n";
		};
/* End PBXShellScriptBuildPhase section */

/* Begin PBXSourcesBuildPhase section */
		DEEC0B5717CF5D350096B21F /* Sources */ = {
			isa = PBXSourcesBuildPhase;
			buildActionMask = 2147483647;
			files = (
				DEEC0B6B17CF5D350096B21F /* main.m in Sources */,
				DEEC0B6F17CF5D350096B21F /* goshanAppDelegate.m in Sources */,
				DEEC0BB217CF6BA90096B21F /* gAnimation.m in Sources */,
				DEEC0BB517CF6DF90096B21F /* Util.m in Sources */,
				DEEC0BC217CF95660096B21F /* MainViewController.m in Sources */,
				DEEC0BD417CFA4E20096B21F /* LoginViewController.m in Sources */,
				DE85A22217D7FC25002CD308 /* gTextField.m in Sources */,
				DE85A22517D80553002CD308 /* AdminViewController.m in Sources */,
				DE85A24A17D80EC7002CD308 /* AFHTTPClient.m in Sources */,
				DE85A24B17D80EC7002CD308 /* AFHTTPRequestOperation.m in Sources */,
				DE85A24C17D80EC7002CD308 /* AFImageRequestOperation.m in Sources */,
				DE85A24D17D80EC7002CD308 /* AFJSONRequestOperation.m in Sources */,
				DE85A24E17D80EC7002CD308 /* AFJSONUtilities.m in Sources */,
				DE85A24F17D80EC7002CD308 /* AFNetworkActivityIndicatorManager.m in Sources */,
				DE85A25017D80EC7002CD308 /* AFPropertyListRequestOperation.m in Sources */,
				DE85A25117D80EC7002CD308 /* AFURLConnectionOperation.m in Sources */,
				DE85A25217D80EC7002CD308 /* AFXMLRequestOperation.m in Sources */,
				DE85A25317D80EC7002CD308 /* UIImageView+AFNetworking.m in Sources */,
				DE85A25417D80EC7002CD308 /* NSObject+SBJSON.m in Sources */,
				DE85A25517D80EC7002CD308 /* NSString+SBJSON.m in Sources */,
				DE85A25617D80EC7002CD308 /* SBJSON.m in Sources */,
				DE85A25717D80EC7002CD308 /* SBJsonBase.m in Sources */,
				DE85A25817D80EC7002CD308 /* SBJsonParser.m in Sources */,
				DE85A25917D80EC7002CD308 /* SBJsonWriter.m in Sources */,
				DE3D54B317D91CEB00DB6731 /* ConnectionViewController.m in Sources */,
				DE3D54D617D9DAAC00DB6731 /* LibraryViewController.m in Sources */,
				DE3D54DF17D9E2A200DB6731 /* EditViewController.m in Sources */,
				DE3D54E217D9E72500DB6731 /* gTextArea.m in Sources */,
				DE3D54F317DA06EC00DB6731 /* UserViewController.m in Sources */,
			);
			runOnlyForDeploymentPostprocessing = 0;
		};
		DEEC0B8217CF5D350096B21F /* Sources */ = {
			isa = PBXSourcesBuildPhase;
			buildActionMask = 2147483647;
			files = (
				DEEC0B9617CF5D350096B21F /* PoseidonTests.m in Sources */,
			);
			runOnlyForDeploymentPostprocessing = 0;
		};
/* End PBXSourcesBuildPhase section */

/* Begin PBXTargetDependency section */
		DEEC0B8D17CF5D350096B21F /* PBXTargetDependency */ = {
			isa = PBXTargetDependency;
			target = DEEC0B5A17CF5D350096B21F /* Poseidon */;
			targetProxy = DEEC0B8C17CF5D350096B21F /* PBXContainerItemProxy */;
		};
/* End PBXTargetDependency section */

/* Begin PBXVariantGroup section */
		DEEC0B6717CF5D350096B21F /* InfoPlist.strings */ = {
			isa = PBXVariantGroup;
			children = (
				DEEC0B6817CF5D350096B21F /* en */,
			);
			name = InfoPlist.strings;
			sourceTree = "<group>";
		};
		DEEC0B9117CF5D350096B21F /* InfoPlist.strings */ = {
			isa = PBXVariantGroup;
			children = (
				DEEC0B9217CF5D350096B21F /* en */,
			);
			name = InfoPlist.strings;
			sourceTree = "<group>";
		};
/* End PBXVariantGroup section */

/* Begin XCBuildConfiguration section */
		DEEC0B9717CF5D350096B21F /* Debug */ = {
			isa = XCBuildConfiguration;
			buildSettings = {
				ALWAYS_SEARCH_USER_PATHS = NO;
				CLANG_CXX_LANGUAGE_STANDARD = "gnu++0x";
				CLANG_CXX_LIBRARY = "libc++";
				CLANG_WARN_CONSTANT_CONVERSION = YES;
				CLANG_WARN_EMPTY_BODY = YES;
				CLANG_WARN_ENUM_CONVERSION = YES;
				CLANG_WARN_INT_CONVERSION = YES;
				CLANG_WARN__DUPLICATE_METHOD_MATCH = YES;
				CODE_SIGN_IDENTITY = "iPhone Developer: WANXIN YANG (KHUR99HEGS)";
				"CODE_SIGN_IDENTITY[sdk=iphoneos*]" = "iPhone Developer";
				COPY_PHASE_STRIP = NO;
				GCC_C_LANGUAGE_STANDARD = gnu99;
				GCC_DYNAMIC_NO_PIC = NO;
				GCC_OPTIMIZATION_LEVEL = 0;
				GCC_PREPROCESSOR_DEFINITIONS = (
					"DEBUG=1",
					"$(inherited)",
				);
				GCC_SYMBOLS_PRIVATE_EXTERN = NO;
				GCC_WARN_ABOUT_RETURN_TYPE = YES;
				GCC_WARN_UNINITIALIZED_AUTOS = YES;
				GCC_WARN_UNUSED_VARIABLE = YES;
				IPHONEOS_DEPLOYMENT_TARGET = 6.1;
				ONLY_ACTIVE_ARCH = YES;
				PROVISIONING_PROFILE = "507B66B6-37C8-47B7-8F71-BDBFC0DEA3E3";
				SDKROOT = iphoneos;
			};
			name = Debug;
		};
		DEEC0B9817CF5D350096B21F /* Release */ = {
			isa = XCBuildConfiguration;
			buildSettings = {
				ALWAYS_SEARCH_USER_PATHS = NO;
				CLANG_CXX_LANGUAGE_STANDARD = "gnu++0x";
				CLANG_CXX_LIBRARY = "libc++";
				CLANG_WARN_CONSTANT_CONVERSION = YES;
				CLANG_WARN_EMPTY_BODY = YES;
				CLANG_WARN_ENUM_CONVERSION = YES;
				CLANG_WARN_INT_CONVERSION = YES;
				CLANG_WARN__DUPLICATE_METHOD_MATCH = YES;
				CODE_SIGN_IDENTITY = "iPhone Developer: WANXIN YANG (KHUR99HEGS)";
				"CODE_SIGN_IDENTITY[sdk=iphoneos*]" = "iPhone Developer";
				COPY_PHASE_STRIP = YES;
				GCC_C_LANGUAGE_STANDARD = gnu99;
				GCC_WARN_ABOUT_RETURN_TYPE = YES;
				GCC_WARN_UNINITIALIZED_AUTOS = YES;
				GCC_WARN_UNUSED_VARIABLE = YES;
				IPHONEOS_DEPLOYMENT_TARGET = 6.1;
				OTHER_CFLAGS = "-DNS_BLOCK_ASSERTIONS=1";
				PROVISIONING_PROFILE = "507B66B6-37C8-47B7-8F71-BDBFC0DEA3E3";
				SDKROOT = iphoneos;
				VALIDATE_PRODUCT = YES;
			};
			name = Release;
		};
		DEEC0B9A17CF5D350096B21F /* Debug */ = {
			isa = XCBuildConfiguration;
			buildSettings = {
				GCC_PRECOMPILE_PREFIX_HEADER = YES;
				GCC_PREFIX_HEADER = "Poseidon/Poseidon-Prefix.pch";
				INFOPLIST_FILE = "Poseidon/Poseidon-Info.plist";
				PRODUCT_NAME = "$(TARGET_NAME)";
				WRAPPER_EXTENSION = app;
			};
			name = Debug;
		};
		DEEC0B9B17CF5D350096B21F /* Release */ = {
			isa = XCBuildConfiguration;
			buildSettings = {
				GCC_PRECOMPILE_PREFIX_HEADER = YES;
				GCC_PREFIX_HEADER = "Poseidon/Poseidon-Prefix.pch";
				INFOPLIST_FILE = "Poseidon/Poseidon-Info.plist";
				PRODUCT_NAME = "$(TARGET_NAME)";
				WRAPPER_EXTENSION = app;
			};
			name = Release;
		};
		DEEC0B9D17CF5D350096B21F /* Debug */ = {
			isa = XCBuildConfiguration;
			buildSettings = {
				BUNDLE_LOADER = "$(BUILT_PRODUCTS_DIR)/Poseidon.app/Poseidon";
				FRAMEWORK_SEARCH_PATHS = (
					"\"$(SDKROOT)/Developer/Library/Frameworks\"",
					"\"$(DEVELOPER_LIBRARY_DIR)/Frameworks\"",
				);
				GCC_PRECOMPILE_PREFIX_HEADER = YES;
				GCC_PREFIX_HEADER = "Poseidon/Poseidon-Prefix.pch";
				INFOPLIST_FILE = "PoseidonTests/PoseidonTests-Info.plist";
				PRODUCT_NAME = "$(TARGET_NAME)";
				TEST_HOST = "$(BUNDLE_LOADER)";
				WRAPPER_EXTENSION = octest;
			};
			name = Debug;
		};
		DEEC0B9E17CF5D350096B21F /* Release */ = {
			isa = XCBuildConfiguration;
			buildSettings = {
				BUNDLE_LOADER = "$(BUILT_PRODUCTS_DIR)/Poseidon.app/Poseidon";
				FRAMEWORK_SEARCH_PATHS = (
					"\"$(SDKROOT)/Developer/Library/Frameworks\"",
					"\"$(DEVELOPER_LIBRARY_DIR)/Frameworks\"",
				);
				GCC_PRECOMPILE_PREFIX_HEADER = YES;
				GCC_PREFIX_HEADER = "Poseidon/Poseidon-Prefix.pch";
				INFOPLIST_FILE = "PoseidonTests/PoseidonTests-Info.plist";
				PRODUCT_NAME = "$(TARGET_NAME)";
				TEST_HOST = "$(BUNDLE_LOADER)";
				WRAPPER_EXTENSION = octest;
			};
			name = Release;
		};
/* End XCBuildConfiguration section */

/* Begin XCConfigurationList section */
		DEEC0B5617CF5D350096B21F /* Build configuration list for PBXProject "Poseidon" */ = {
			isa = XCConfigurationList;
			buildConfigurations = (
				DEEC0B9717CF5D350096B21F /* Debug */,
				DEEC0B9817CF5D350096B21F /* Release */,
			);
			defaultConfigurationIsVisible = 0;
			defaultConfigurationName = Release;
		};
		DEEC0B9917CF5D350096B21F /* Build configuration list for PBXNativeTarget "Poseidon" */ = {
			isa = XCConfigurationList;
			buildConfigurations = (
				DEEC0B9A17CF5D350096B21F /* Debug */,
				DEEC0B9B17CF5D350096B21F /* Release */,
			);
			defaultConfigurationIsVisible = 0;
			defaultConfigurationName = Release;
		};
		DEEC0B9C17CF5D350096B21F /* Build configuration list for PBXNativeTarget "PoseidonTests" */ = {
			isa = XCConfigurationList;
			buildConfigurations = (
				DEEC0B9D17CF5D350096B21F /* Debug */,
				DEEC0B9E17CF5D350096B21F /* Release */,
			);
			defaultConfigurationIsVisible = 0;
			defaultConfigurationName = Release;
		};
/* End XCConfigurationList section */
	};
	rootObject = DEEC0B5317CF5D350096B21F /* Project object */;
}
