// !$*UTF8*$!
{
	archiveVersion = 1;
	classes = {
	};
	objectVersion = 46;
	objects = {

/* Begin PBXBuildFile section */
		DE0186F217D4A41100358965 /* banner@2x.png in Resources */ = {isa = PBXBuildFile; fileRef = DE0186F117D4A41100358965 /* banner@2x.png */; };
		DE0186F417D4A50000358965 /* icon.png in Resources */ = {isa = PBXBuildFile; fileRef = DE0186F317D4A50000358965 /* icon.png */; };
		DE0186F617D4AD0E00358965 /* fullScreenBg@2x.png in Resources */ = {isa = PBXBuildFile; fileRef = DE0186F517D4AD0E00358965 /* fullScreenBg@2x.png */; };
		DE0186F817D4AD7700358965 /* loginText@2x.png in Resources */ = {isa = PBXBuildFile; fileRef = DE0186F717D4AD7700358965 /* loginText@2x.png */; };
		DE0186FB17D4AE5600358965 /* loginPW@2x.png in Resources */ = {isa = PBXBuildFile; fileRef = DE0186F917D4AE5600358965 /* loginPW@2x.png */; };
		DE0186FC17D4AE5600358965 /* loginUsername@2x.png in Resources */ = {isa = PBXBuildFile; fileRef = DE0186FA17D4AE5600358965 /* loginUsername@2x.png */; };
		DE0186FE17D4AF8D00358965 /* loginInput@2x.png in Resources */ = {isa = PBXBuildFile; fileRef = DE0186FD17D4AF8D00358965 /* loginInput@2x.png */; };
		DE01870417D5012200358965 /* loginButton@2x.png in Resources */ = {isa = PBXBuildFile; fileRef = DE01870217D5012200358965 /* loginButton@2x.png */; };
		DE01870517D5012200358965 /* loginButtonClick@2x.png in Resources */ = {isa = PBXBuildFile; fileRef = DE01870317D5012200358965 /* loginButtonClick@2x.png */; };
		DE01870817D5048400358965 /* loginEBText@2x.png in Resources */ = {isa = PBXBuildFile; fileRef = DE01870617D5048400358965 /* loginEBText@2x.png */; };
		DE01870917D5048400358965 /* loginLogoLarge@2x.png in Resources */ = {isa = PBXBuildFile; fileRef = DE01870717D5048400358965 /* loginLogoLarge@2x.png */; };
		DE01870B17D5061700358965 /* loginLogoSmall@2x.png in Resources */ = {isa = PBXBuildFile; fileRef = DE01870A17D5061700358965 /* loginLogoSmall@2x.png */; };
		DEEC0B5F17CF5D350096B21F /* UIKit.framework in Frameworks */ = {isa = PBXBuildFile; fileRef = DEEC0B5E17CF5D350096B21F /* UIKit.framework */; };
		DEEC0B6117CF5D350096B21F /* Foundation.framework in Frameworks */ = {isa = PBXBuildFile; fileRef = DEEC0B6017CF5D350096B21F /* Foundation.framework */; };
		DEEC0B6317CF5D350096B21F /* CoreGraphics.framework in Frameworks */ = {isa = PBXBuildFile; fileRef = DEEC0B6217CF5D350096B21F /* CoreGraphics.framework */; };
		DEEC0B6917CF5D350096B21F /* InfoPlist.strings in Resources */ = {isa = PBXBuildFile; fileRef = DEEC0B6717CF5D350096B21F /* InfoPlist.strings */; };
		DEEC0B6B17CF5D350096B21F /* main.m in Sources */ = {isa = PBXBuildFile; fileRef = DEEC0B6A17CF5D350096B21F /* main.m */; };
		DEEC0B6F17CF5D350096B21F /* goshanAppDelegate.m in Sources */ = {isa = PBXBuildFile; fileRef = DEEC0B6E17CF5D350096B21F /* goshanAppDelegate.m */; };
		DEEC0B7117CF5D350096B21F /* Default.png in Resources */ = {isa = PBXBuildFile; fileRef = DEEC0B7017CF5D350096B21F /* Default.png */; };
		DEEC0B7317CF5D350096B21F /* Default@2x.png in Resources */ = {isa = PBXBuildFile; fileRef = DEEC0B7217CF5D350096B21F /* Default@2x.png */; };
		DEEC0B7517CF5D350096B21F /* Default-568h@2x.png in Resources */ = {isa = PBXBuildFile; fileRef = DEEC0B7417CF5D350096B21F /* Default-568h@2x.png */; };
		DEEC0B8917CF5D350096B21F /* SenTestingKit.framework in Frameworks */ = {isa = PBXBuildFile; fileRef = DEEC0B8817CF5D350096B21F /* SenTestingKit.framework */; };
		DEEC0B8A17CF5D350096B21F /* UIKit.framework in Frameworks */ = {isa = PBXBuildFile; fileRef = DEEC0B5E17CF5D350096B21F /* UIKit.framework */; };
		DEEC0B8B17CF5D350096B21F /* Foundation.framework in Frameworks */ = {isa = PBXBuildFile; fileRef = DEEC0B6017CF5D350096B21F /* Foundation.framework */; };
		DEEC0B9317CF5D350096B21F /* InfoPlist.strings in Resources */ = {isa = PBXBuildFile; fileRef = DEEC0B9117CF5D350096B21F /* InfoPlist.strings */; };
		DEEC0B9617CF5D350096B21F /* PoseidonTests.m in Sources */ = {isa = PBXBuildFile; fileRef = DEEC0B9517CF5D350096B21F /* PoseidonTests.m */; };
		DEEC0BB217CF6BA90096B21F /* gAnimation.m in Sources */ = {isa = PBXBuildFile; fileRef = DEEC0BB117CF6BA90096B21F /* gAnimation.m */; };
		DEEC0BB517CF6DF90096B21F /* Util.m in Sources */ = {isa = PBXBuildFile; fileRef = DEEC0BB417CF6DF90096B21F /* Util.m */; };
		DEEC0BBE17CF70970096B21F /* motion@2x.png in Resources */ = {isa = PBXBuildFile; fileRef = DEEC0BBD17CF70970096B21F /* motion@2x.png */; };
		DEEC0BC217CF95660096B21F /* MainViewController.m in Sources */ = {isa = PBXBuildFile; fileRef = DEEC0BC017CF95650096B21F /* MainViewController.m */; };
		DEEC0BD417CFA4E20096B21F /* LoginViewController.m in Sources */ = {isa = PBXBuildFile; fileRef = DEEC0BD217CFA4E20096B21F /* LoginViewController.m */; };
/* End PBXBuildFile section */

/* Begin PBXContainerItemProxy section */
		DEEC0B8C17CF5D350096B21F /* PBXContainerItemProxy */ = {
			isa = PBXContainerItemProxy;
			containerPortal = DEEC0B5317CF5D350096B21F /* Project object */;
			proxyType = 1;
			remoteGlobalIDString = DEEC0B5A17CF5D350096B21F;
			remoteInfo = Poseidon;
		};
/* End PBXContainerItemProxy section */

/* Begin PBXFileReference section */
		DE0186F117D4A41100358965 /* banner@2x.png */ = {isa = PBXFileReference; lastKnownFileType = image.png; path = "banner@2x.png"; sourceTree = "<group>"; };
		DE0186F317D4A50000358965 /* icon.png */ = {isa = PBXFileReference; lastKnownFileType = image.png; name = icon.png; path = ../icon.png; sourceTree = "<group>"; };
		DE0186F517D4AD0E00358965 /* fullScreenBg@2x.png */ = {isa = PBXFileReference; lastKnownFileType = image.png; path = "fullScreenBg@2x.png"; sourceTree = "<group>"; };
		DE0186F717D4AD7700358965 /* loginText@2x.png */ = {isa = PBXFileReference; lastKnownFileType = image.png; path = "loginText@2x.png"; sourceTree = "<group>"; };
		DE0186F917D4AE5600358965 /* loginPW@2x.png */ = {isa = PBXFileReference; lastKnownFileType = image.png; path = "loginPW@2x.png"; sourceTree = "<group>"; };
		DE0186FA17D4AE5600358965 /* loginUsername@2x.png */ = {isa = PBXFileReference; lastKnownFileType = image.png; path = "loginUsername@2x.png"; sourceTree = "<group>"; };
		DE0186FD17D4AF8D00358965 /* loginInput@2x.png */ = {isa = PBXFileReference; lastKnownFileType = image.png; path = "loginInput@2x.png"; sourceTree = "<group>"; };
		DE01870217D5012200358965 /* loginButton@2x.png */ = {isa = PBXFileReference; lastKnownFileType = image.png; path = "loginButton@2x.png"; sourceTree = "<group>"; };
		DE01870317D5012200358965 /* loginButtonClick@2x.png */ = {isa = PBXFileReference; lastKnownFileType = image.png; path = "loginButtonClick@2x.png"; sourceTree = "<group>"; };
		DE01870617D5048400358965 /* loginEBText@2x.png */ = {isa = PBXFileReference; lastKnownFileType = image.png; path = "loginEBText@2x.png"; sourceTree = "<group>"; };
		DE01870717D5048400358965 /* loginLogoLarge@2x.png */ = {isa = PBXFileReference; lastKnownFileType = image.png; path = "loginLogoLarge@2x.png"; sourceTree = "<group>"; };
		DE01870A17D5061700358965 /* loginLogoSmall@2x.png */ = {isa = PBXFileReference; lastKnownFileType = image.png; path = "loginLogoSmall@2x.png"; sourceTree = "<group>"; };
		DEEC0B5B17CF5D350096B21F /* Poseidon.app */ = {isa = PBXFileReference; explicitFileType = wrapper.application; includeInIndex = 0; path = Poseidon.app; sourceTree = BUILT_PRODUCTS_DIR; };
		DEEC0B5E17CF5D350096B21F /* UIKit.framework */ = {isa = PBXFileReference; lastKnownFileType = wrapper.framework; name = UIKit.framework; path = System/Library/Frameworks/UIKit.framework; sourceTree = SDKROOT; };
		DEEC0B6017CF5D350096B21F /* Foundation.framework */ = {isa = PBXFileReference; lastKnownFileType = wrapper.framework; name = Foundation.framework; path = System/Library/Frameworks/Foundation.framework; sourceTree = SDKROOT; };
		DEEC0B6217CF5D350096B21F /* CoreGraphics.framework */ = {isa = PBXFileReference; lastKnownFileType = wrapper.framework; name = CoreGraphics.framework; path = System/Library/Frameworks/CoreGraphics.framework; sourceTree = SDKROOT; };
		DEEC0B6617CF5D350096B21F /* Poseidon-Info.plist */ = {isa = PBXFileReference; lastKnownFileType = text.plist.xml; path = "Poseidon-Info.plist"; sourceTree = "<group>"; };
		DEEC0B6817CF5D350096B21F /* en */ = {isa = PBXFileReference; lastKnownFileType = text.plist.strings; name = en; path = en.lproj/InfoPlist.strings; sourceTree = "<group>"; };
		DEEC0B6A17CF5D350096B21F /* main.m */ = {isa = PBXFileReference; lastKnownFileType = sourcecode.c.objc; path = main.m; sourceTree = "<group>"; };
		DEEC0B6C17CF5D350096B21F /* Poseidon-Prefix.pch */ = {isa = PBXFileReference; lastKnownFileType = sourcecode.c.h; path = "Poseidon-Prefix.pch"; sourceTree = "<group>"; };
		DEEC0B6D17CF5D350096B21F /* goshanAppDelegate.h */ = {isa = PBXFileReference; lastKnownFileType = sourcecode.c.h; path = goshanAppDelegate.h; sourceTree = "<group>"; };
		DEEC0B6E17CF5D350096B21F /* goshanAppDelegate.m */ = {isa = PBXFileReference; lastKnownFileType = sourcecode.c.objc; path = goshanAppDelegate.m; sourceTree = "<group>"; };
		DEEC0B7017CF5D350096B21F /* Default.png */ = {isa = PBXFileReference; lastKnownFileType = image.png; path = Default.png; sourceTree = "<group>"; };
		DEEC0B7217CF5D350096B21F /* Default@2x.png */ = {isa = PBXFileReference; lastKnownFileType = image.png; path = "Default@2x.png"; sourceTree = "<group>"; };
		DEEC0B7417CF5D350096B21F /* Default-568h@2x.png */ = {isa = PBXFileReference; lastKnownFileType = image.png; path = "Default-568h@2x.png"; sourceTree = "<group>"; };
		DEEC0B8717CF5D350096B21F /* PoseidonTests.octest */ = {isa = PBXFileReference; explicitFileType = wrapper.cfbundle; includeInIndex = 0; path = PoseidonTests.octest; sourceTree = BUILT_PRODUCTS_DIR; };
		DEEC0B8817CF5D350096B21F /* SenTestingKit.framework */ = {isa = PBXFileReference; lastKnownFileType = wrapper.framework; name = SenTestingKit.framework; path = Library/Frameworks/SenTestingKit.framework; sourceTree = DEVELOPER_DIR; };
		DEEC0B9017CF5D350096B21F /* PoseidonTests-Info.plist */ = {isa = PBXFileReference; lastKnownFileType = text.plist.xml; path = "PoseidonTests-Info.plist"; sourceTree = "<group>"; };
		DEEC0B9217CF5D350096B21F /* en */ = {isa = PBXFileReference; lastKnownFileType = text.plist.strings; name = en; path = en.lproj/InfoPlist.strings; sourceTree = "<group>"; };
		DEEC0B9417CF5D350096B21F /* PoseidonTests.h */ = {isa = PBXFileReference; lastKnownFileType = sourcecode.c.h; path = PoseidonTests.h; sourceTree = "<group>"; };
		DEEC0B9517CF5D350096B21F /* PoseidonTests.m */ = {isa = PBXFileReference; lastKnownFileType = sourcecode.c.objc; path = PoseidonTests.m; sourceTree = "<group>"; };
		DEEC0BB017CF6BA90096B21F /* gAnimation.h */ = {isa = PBXFileReference; fileEncoding = 4; lastKnownFileType = sourcecode.c.h; path = gAnimation.h; sourceTree = "<group>"; };
		DEEC0BB117CF6BA90096B21F /* gAnimation.m */ = {isa = PBXFileReference; fileEncoding = 4; lastKnownFileType = sourcecode.c.objc; path = gAnimation.m; sourceTree = "<group>"; };
		DEEC0BB317CF6DF90096B21F /* Util.h */ = {isa = PBXFileReference; fileEncoding = 4; lastKnownFileType = sourcecode.c.h; path = Util.h; sourceTree = "<group>"; };
		DEEC0BB417CF6DF90096B21F /* Util.m */ = {isa = PBXFileReference; fileEncoding = 4; lastKnownFileType = sourcecode.c.objc; path = Util.m; sourceTree = "<group>"; };
		DEEC0BBD17CF70970096B21F /* motion@2x.png */ = {isa = PBXFileReference; lastKnownFileType = image.png; path = "motion@2x.png"; sourceTree = "<group>"; };
		DEEC0BBF17CF95650096B21F /* MainViewController.h */ = {isa = PBXFileReference; fileEncoding = 4; lastKnownFileType = sourcecode.c.h; path = MainViewController.h; sourceTree = "<group>"; };
		DEEC0BC017CF95650096B21F /* MainViewController.m */ = {isa = PBXFileReference; fileEncoding = 4; lastKnownFileType = sourcecode.c.objc; path = MainViewController.m; sourceTree = "<group>"; };
		DEEC0BD117CFA4E20096B21F /* LoginViewController.h */ = {isa = PBXFileReference; fileEncoding = 4; lastKnownFileType = sourcecode.c.h; path = LoginViewController.h; sourceTree = "<group>"; };
		DEEC0BD217CFA4E20096B21F /* LoginViewController.m */ = {isa = PBXFileReference; fileEncoding = 4; lastKnownFileType = sourcecode.c.objc; path = LoginViewController.m; sourceTree = "<group>"; };
/* End PBXFileReference section */

/* Begin PBXFrameworksBuildPhase section */
		DEEC0B5817CF5D350096B21F /* Frameworks */ = {
			isa = PBXFrameworksBuildPhase;
			buildActionMask = 2147483647;
			files = (
				DEEC0B5F17CF5D350096B21F /* UIKit.framework in Frameworks */,
				DEEC0B6117CF5D350096B21F /* Foundation.framework in Frameworks */,
				DEEC0B6317CF5D350096B21F /* CoreGraphics.framework in Frameworks */,
			);
			runOnlyForDeploymentPostprocessing = 0;
		};
		DEEC0B8317CF5D350096B21F /* Frameworks */ = {
			isa = PBXFrameworksBuildPhase;
			buildActionMask = 2147483647;
			files = (
				DEEC0B8917CF5D350096B21F /* SenTestingKit.framework in Frameworks */,
				DEEC0B8A17CF5D350096B21F /* UIKit.framework in Frameworks */,
				DEEC0B8B17CF5D350096B21F /* Foundation.framework in Frameworks */,
			);
			runOnlyForDeploymentPostprocessing = 0;
		};
/* End PBXFrameworksBuildPhase section */

/* Begin PBXGroup section */
		DEEC0B5217CF5D350096B21F = {
			isa = PBXGroup;
			children = (
				DEEC0B6417CF5D350096B21F /* Poseidon */,
				DEEC0B8E17CF5D350096B21F /* PoseidonTests */,
				DEEC0B5D17CF5D350096B21F /* Frameworks */,
				DEEC0B5C17CF5D350096B21F /* Products */,
			);
			sourceTree = "<group>";
		};
		DEEC0B5C17CF5D350096B21F /* Products */ = {
			isa = PBXGroup;
			children = (
				DEEC0B5B17CF5D350096B21F /* Poseidon.app */,
				DEEC0B8717CF5D350096B21F /* PoseidonTests.octest */,
			);
			name = Products;
			sourceTree = "<group>";
		};
		DEEC0B5D17CF5D350096B21F /* Frameworks */ = {
			isa = PBXGroup;
			children = (
				DEEC0B5E17CF5D350096B21F /* UIKit.framework */,
				DEEC0B6017CF5D350096B21F /* Foundation.framework */,
				DEEC0B6217CF5D350096B21F /* CoreGraphics.framework */,
				DEEC0B8817CF5D350096B21F /* SenTestingKit.framework */,
			);
			name = Frameworks;
			sourceTree = "<group>";
		};
		DEEC0B6417CF5D350096B21F /* Poseidon */ = {
			isa = PBXGroup;
			children = (
				DEEC0B6D17CF5D350096B21F /* goshanAppDelegate.h */,
				DEEC0B6E17CF5D350096B21F /* goshanAppDelegate.m */,
				DEEC0BAF17CF6B990096B21F /* Utils */,
				DEEC0BD017CFA4AF0096B21F /* Controllers */,
				DEEC0BCF17CFA4A80096B21F /* Views */,
				DEEC0BD617CFA88C0096B21F /* Plugins */,
				DEEC0BCE17CFA49C0096B21F /* Models */,
				DEEC0BAA17CF64F80096B21F /* Resources */,
				DEEC0B6517CF5D350096B21F /* Supporting Files */,
			);
			path = Poseidon;
			sourceTree = "<group>";
		};
		DEEC0B6517CF5D350096B21F /* Supporting Files */ = {
			isa = PBXGroup;
			children = (
				DEEC0B6617CF5D350096B21F /* Poseidon-Info.plist */,
				DEEC0B6717CF5D350096B21F /* InfoPlist.strings */,
				DEEC0B6A17CF5D350096B21F /* main.m */,
				DEEC0B6C17CF5D350096B21F /* Poseidon-Prefix.pch */,
			);
			name = "Supporting Files";
			sourceTree = "<group>";
		};
		DEEC0B8E17CF5D350096B21F /* PoseidonTests */ = {
			isa = PBXGroup;
			children = (
				DEEC0B9417CF5D350096B21F /* PoseidonTests.h */,
				DEEC0B9517CF5D350096B21F /* PoseidonTests.m */,
				DEEC0B8F17CF5D350096B21F /* Supporting Files */,
			);
			path = PoseidonTests;
			sourceTree = "<group>";
		};
		DEEC0B8F17CF5D350096B21F /* Supporting Files */ = {
			isa = PBXGroup;
			children = (
				DEEC0B9017CF5D350096B21F /* PoseidonTests-Info.plist */,
				DEEC0B9117CF5D350096B21F /* InfoPlist.strings */,
			);
			name = "Supporting Files";
			sourceTree = "<group>";
		};
		DEEC0BAA17CF64F80096B21F /* Resources */ = {
			isa = PBXGroup;
			children = (
				DE01870A17D5061700358965 /* loginLogoSmall@2x.png */,
				DE01870617D5048400358965 /* loginEBText@2x.png */,
				DE01870717D5048400358965 /* loginLogoLarge@2x.png */,
				DE01870217D5012200358965 /* loginButton@2x.png */,
				DE01870317D5012200358965 /* loginButtonClick@2x.png */,
				DE0186FD17D4AF8D00358965 /* loginInput@2x.png */,
				DE0186F917D4AE5600358965 /* loginPW@2x.png */,
				DE0186FA17D4AE5600358965 /* loginUsername@2x.png */,
				DE0186F717D4AD7700358965 /* loginText@2x.png */,
				DE0186F517D4AD0E00358965 /* fullScreenBg@2x.png */,
				DE0186F317D4A50000358965 /* icon.png */,
				DEEC0B7017CF5D350096B21F /* Default.png */,
				DEEC0B7217CF5D350096B21F /* Default@2x.png */,
				DEEC0B7417CF5D350096B21F /* Default-568h@2x.png */,
				DE0186F117D4A41100358965 /* banner@2x.png */,
				DEEC0BBD17CF70970096B21F /* motion@2x.png */,
			);
			name = Resources;
			sourceTree = "<group>";
		};
		DEEC0BAF17CF6B990096B21F /* Utils */ = {
			isa = PBXGroup;
			children = (
				DEEC0BB317CF6DF90096B21F /* Util.h */,
				DEEC0BB417CF6DF90096B21F /* Util.m */,
			);
			name = Utils;
			sourceTree = "<group>";
		};
		DEEC0BCE17CFA49C0096B21F /* Models */ = {
			isa = PBXGroup;
			children = (
			);
			name = Models;
			sourceTree = "<group>";
		};
		DEEC0BCF17CFA4A80096B21F /* Views */ = {
			isa = PBXGroup;
			children = (
			);
			name = Views;
			sourceTree = "<group>";
		};
		DEEC0BD017CFA4AF0096B21F /* Controllers */ = {
			isa = PBXGroup;
			children = (
				DEEC0BBF17CF95650096B21F /* MainViewController.h */,
				DEEC0BC017CF95650096B21F /* MainViewController.m */,
				DEEC0BD117CFA4E20096B21F /* LoginViewController.h */,
				DEEC0BD217CFA4E20096B21F /* LoginViewController.m */,
			);
			name = Controllers;
			sourceTree = "<group>";
		};
		DEEC0BD617CFA88C0096B21F /* Plugins */ = {
			isa = PBXGroup;
			children = (
				DEEC0BB017CF6BA90096B21F /* gAnimation.h */,
				DEEC0BB117CF6BA90096B21F /* gAnimation.m */,
			);
			name = Plugins;
			sourceTree = "<group>";
		};
/* End PBXGroup section */

/* Begin PBXNativeTarget section */
		DEEC0B5A17CF5D350096B21F /* Poseidon */ = {
			isa = PBXNativeTarget;
			buildConfigurationList = DEEC0B9917CF5D350096B21F /* Build configuration list for PBXNativeTarget "Poseidon" */;
			buildPhases = (
				DEEC0B5717CF5D350096B21F /* Sources */,
				DEEC0B5817CF5D350096B21F /* Frameworks */,
				DEEC0B5917CF5D350096B21F /* Resources */,
			);
			buildRules = (
			);
			dependencies = (
			);
			name = Poseidon;
			productName = Poseidon;
			productReference = DEEC0B5B17CF5D350096B21F /* Poseidon.app */;
			productType = "com.apple.product-type.application";
		};
		DEEC0B8617CF5D350096B21F /* PoseidonTests */ = {
			isa = PBXNativeTarget;
			buildConfigurationList = DEEC0B9C17CF5D350096B21F /* Build configuration list for PBXNativeTarget "PoseidonTests" */;
			buildPhases = (
				DEEC0B8217CF5D350096B21F /* Sources */,
				DEEC0B8317CF5D350096B21F /* Frameworks */,
				DEEC0B8417CF5D350096B21F /* Resources */,
				DEEC0B8517CF5D350096B21F /* ShellScript */,
			);
			buildRules = (
			);
			dependencies = (
				DEEC0B8D17CF5D350096B21F /* PBXTargetDependency */,
			);
			name = PoseidonTests;
			productName = PoseidonTests;
			productReference = DEEC0B8717CF5D350096B21F /* PoseidonTests.octest */;
			productType = "com.apple.product-type.bundle";
		};
/* End PBXNativeTarget section */

/* Begin PBXProject section */
		DEEC0B5317CF5D350096B21F /* Project object */ = {
			isa = PBXProject;
			attributes = {
				LastUpgradeCheck = 0460;
				ORGANIZATIONNAME = goshan;
			};
			buildConfigurationList = DEEC0B5617CF5D350096B21F /* Build configuration list for PBXProject "Poseidon" */;
			compatibilityVersion = "Xcode 3.2";
			developmentRegion = English;
			hasScannedForEncodings = 0;
			knownRegions = (
				en,
			);
			mainGroup = DEEC0B5217CF5D350096B21F;
			productRefGroup = DEEC0B5C17CF5D350096B21F /* Products */;
			projectDirPath = "";
			projectRoot = "";
			targets = (
				DEEC0B5A17CF5D350096B21F /* Poseidon */,
				DEEC0B8617CF5D350096B21F /* PoseidonTests */,
			);
		};
/* End PBXProject section */

/* Begin PBXResourcesBuildPhase section */
		DEEC0B5917CF5D350096B21F /* Resources */ = {
			isa = PBXResourcesBuildPhase;
			buildActionMask = 2147483647;
			files = (
				DEEC0B6917CF5D350096B21F /* InfoPlist.strings in Resources */,
				DEEC0B7117CF5D350096B21F /* Default.png in Resources */,
				DEEC0B7317CF5D350096B21F /* Default@2x.png in Resources */,
				DEEC0B7517CF5D350096B21F /* Default-568h@2x.png in Resources */,
				DEEC0BBE17CF70970096B21F /* motion@2x.png in Resources */,
				DE0186F217D4A41100358965 /* banner@2x.png in Resources */,
				DE0186F417D4A50000358965 /* icon.png in Resources */,
				DE0186F617D4AD0E00358965 /* fullScreenBg@2x.png in Resources */,
				DE0186F817D4AD7700358965 /* loginText@2x.png in Resources */,
				DE0186FB17D4AE5600358965 /* loginPW@2x.png in Resources */,
				DE0186FC17D4AE5600358965 /* loginUsername@2x.png in Resources */,
				DE0186FE17D4AF8D00358965 /* loginInput@2x.png in Resources */,
				DE01870417D5012200358965 /* loginButton@2x.png in Resources */,
				DE01870517D5012200358965 /* loginButtonClick@2x.png in Resources */,
				DE01870817D5048400358965 /* loginEBText@2x.png in Resources */,
				DE01870917D5048400358965 /* loginLogoLarge@2x.png in Resources */,
				DE01870B17D5061700358965 /* loginLogoSmall@2x.png in Resources */,
			);
			runOnlyForDeploymentPostprocessing = 0;
		};
		DEEC0B8417CF5D350096B21F /* Resources */ = {
			isa = PBXResourcesBuildPhase;
			buildActionMask = 2147483647;
			files = (
				DEEC0B9317CF5D350096B21F /* InfoPlist.strings in Resources */,
			);
			runOnlyForDeploymentPostprocessing = 0;
		};
/* End PBXResourcesBuildPhase section */

/* Begin PBXShellScriptBuildPhase section */
		DEEC0B8517CF5D350096B21F /* ShellScript */ = {
			isa = PBXShellScriptBuildPhase;
			buildActionMask = 2147483647;
			files = (
			);
			inputPaths = (
			);
			outputPaths = (
			);
			runOnlyForDeploymentPostprocessing = 0;
			shellPath = /bin/sh;
			shellScript = "# Run the unit tests in this test bundle.\n\"${SYSTEM_DEVELOPER_DIR}/Tools/RunUnitTests\"\n";
		};
/* End PBXShellScriptBuildPhase section */

/* Begin PBXSourcesBuildPhase section */
		DEEC0B5717CF5D350096B21F /* Sources */ = {
			isa = PBXSourcesBuildPhase;
			buildActionMask = 2147483647;
			files = (
				DEEC0B6B17CF5D350096B21F /* main.m in Sources */,
				DEEC0B6F17CF5D350096B21F /* goshanAppDelegate.m in Sources */,
				DEEC0BB217CF6BA90096B21F /* gAnimation.m in Sources */,
				DEEC0BB517CF6DF90096B21F /* Util.m in Sources */,
				DEEC0BC217CF95660096B21F /* MainViewController.m in Sources */,
				DEEC0BD417CFA4E20096B21F /* LoginViewController.m in Sources */,
			);
			runOnlyForDeploymentPostprocessing = 0;
		};
		DEEC0B8217CF5D350096B21F /* Sources */ = {
			isa = PBXSourcesBuildPhase;
			buildActionMask = 2147483647;
			files = (
				DEEC0B9617CF5D350096B21F /* PoseidonTests.m in Sources */,
			);
			runOnlyForDeploymentPostprocessing = 0;
		};
/* End PBXSourcesBuildPhase section */

/* Begin PBXTargetDependency section */
		DEEC0B8D17CF5D350096B21F /* PBXTargetDependency */ = {
			isa = PBXTargetDependency;
			target = DEEC0B5A17CF5D350096B21F /* Poseidon */;
			targetProxy = DEEC0B8C17CF5D350096B21F /* PBXContainerItemProxy */;
		};
/* End PBXTargetDependency section */

/* Begin PBXVariantGroup section */
		DEEC0B6717CF5D350096B21F /* InfoPlist.strings */ = {
			isa = PBXVariantGroup;
			children = (
				DEEC0B6817CF5D350096B21F /* en */,
			);
			name = InfoPlist.strings;
			sourceTree = "<group>";
		};
		DEEC0B9117CF5D350096B21F /* InfoPlist.strings */ = {
			isa = PBXVariantGroup;
			children = (
				DEEC0B9217CF5D350096B21F /* en */,
			);
			name = InfoPlist.strings;
			sourceTree = "<group>";
		};
/* End PBXVariantGroup section */

/* Begin XCBuildConfiguration section */
		DEEC0B9717CF5D350096B21F /* Debug */ = {
			isa = XCBuildConfiguration;
			buildSettings = {
				ALWAYS_SEARCH_USER_PATHS = NO;
				CLANG_CXX_LANGUAGE_STANDARD = "gnu++0x";
				CLANG_CXX_LIBRARY = "libc++";
				CLANG_WARN_CONSTANT_CONVERSION = YES;
				CLANG_WARN_EMPTY_BODY = YES;
				CLANG_WARN_ENUM_CONVERSION = YES;
				CLANG_WARN_INT_CONVERSION = YES;
				CLANG_WARN__DUPLICATE_METHOD_MATCH = YES;
				CODE_SIGN_IDENTITY = "iPhone Developer: WANXIN YANG (KHUR99HEGS)";
				"CODE_SIGN_IDENTITY[sdk=iphoneos*]" = "iPhone Developer";
				COPY_PHASE_STRIP = NO;
				GCC_C_LANGUAGE_STANDARD = gnu99;
				GCC_DYNAMIC_NO_PIC = NO;
				GCC_OPTIMIZATION_LEVEL = 0;
				GCC_PREPROCESSOR_DEFINITIONS = (
					"DEBUG=1",
					"$(inherited)",
				);
				GCC_SYMBOLS_PRIVATE_EXTERN = NO;
				GCC_WARN_ABOUT_RETURN_TYPE = YES;
				GCC_WARN_UNINITIALIZED_AUTOS = YES;
				GCC_WARN_UNUSED_VARIABLE = YES;
				IPHONEOS_DEPLOYMENT_TARGET = 6.1;
				ONLY_ACTIVE_ARCH = YES;
				PROVISIONING_PROFILE = "507B66B6-37C8-47B7-8F71-BDBFC0DEA3E3";
				SDKROOT = iphoneos;
			};
			name = Debug;
		};
		DEEC0B9817CF5D350096B21F /* Release */ = {
			isa = XCBuildConfiguration;
			buildSettings = {
				ALWAYS_SEARCH_USER_PATHS = NO;
				CLANG_CXX_LANGUAGE_STANDARD = "gnu++0x";
				CLANG_CXX_LIBRARY = "libc++";
				CLANG_WARN_CONSTANT_CONVERSION = YES;
				CLANG_WARN_EMPTY_BODY = YES;
				CLANG_WARN_ENUM_CONVERSION = YES;
				CLANG_WARN_INT_CONVERSION = YES;
				CLANG_WARN__DUPLICATE_METHOD_MATCH = YES;
				CODE_SIGN_IDENTITY = "iPhone Developer: WANXIN YANG (KHUR99HEGS)";
				"CODE_SIGN_IDENTITY[sdk=iphoneos*]" = "iPhone Developer";
				COPY_PHASE_STRIP = YES;
				GCC_C_LANGUAGE_STANDARD = gnu99;
				GCC_WARN_ABOUT_RETURN_TYPE = YES;
				GCC_WARN_UNINITIALIZED_AUTOS = YES;
				GCC_WARN_UNUSED_VARIABLE = YES;
				IPHONEOS_DEPLOYMENT_TARGET = 6.1;
				OTHER_CFLAGS = "-DNS_BLOCK_ASSERTIONS=1";
				PROVISIONING_PROFILE = "507B66B6-37C8-47B7-8F71-BDBFC0DEA3E3";
				SDKROOT = iphoneos;
				VALIDATE_PRODUCT = YES;
			};
			name = Release;
		};
		DEEC0B9A17CF5D350096B21F /* Debug */ = {
			isa = XCBuildConfiguration;
			buildSettings = {
				GCC_PRECOMPILE_PREFIX_HEADER = YES;
				GCC_PREFIX_HEADER = "Poseidon/Poseidon-Prefix.pch";
				INFOPLIST_FILE = "Poseidon/Poseidon-Info.plist";
				PRODUCT_NAME = "$(TARGET_NAME)";
				WRAPPER_EXTENSION = app;
			};
			name = Debug;
		};
		DEEC0B9B17CF5D350096B21F /* Release */ = {
			isa = XCBuildConfiguration;
			buildSettings = {
				GCC_PRECOMPILE_PREFIX_HEADER = YES;
				GCC_PREFIX_HEADER = "Poseidon/Poseidon-Prefix.pch";
				INFOPLIST_FILE = "Poseidon/Poseidon-Info.plist";
				PRODUCT_NAME = "$(TARGET_NAME)";
				WRAPPER_EXTENSION = app;
			};
			name = Release;
		};
		DEEC0B9D17CF5D350096B21F /* Debug */ = {
			isa = XCBuildConfiguration;
			buildSettings = {
				BUNDLE_LOADER = "$(BUILT_PRODUCTS_DIR)/Poseidon.app/Poseidon";
				FRAMEWORK_SEARCH_PATHS = (
					"\"$(SDKROOT)/Developer/Library/Frameworks\"",
					"\"$(DEVELOPER_LIBRARY_DIR)/Frameworks\"",
				);
				GCC_PRECOMPILE_PREFIX_HEADER = YES;
				GCC_PREFIX_HEADER = "Poseidon/Poseidon-Prefix.pch";
				INFOPLIST_FILE = "PoseidonTests/PoseidonTests-Info.plist";
				PRODUCT_NAME = "$(TARGET_NAME)";
				TEST_HOST = "$(BUNDLE_LOADER)";
				WRAPPER_EXTENSION = octest;
			};
			name = Debug;
		};
		DEEC0B9E17CF5D350096B21F /* Release */ = {
			isa = XCBuildConfiguration;
			buildSettings = {
				BUNDLE_LOADER = "$(BUILT_PRODUCTS_DIR)/Poseidon.app/Poseidon";
				FRAMEWORK_SEARCH_PATHS = (
					"\"$(SDKROOT)/Developer/Library/Frameworks\"",
					"\"$(DEVELOPER_LIBRARY_DIR)/Frameworks\"",
				);
				GCC_PRECOMPILE_PREFIX_HEADER = YES;
				GCC_PREFIX_HEADER = "Poseidon/Poseidon-Prefix.pch";
				INFOPLIST_FILE = "PoseidonTests/PoseidonTests-Info.plist";
				PRODUCT_NAME = "$(TARGET_NAME)";
				TEST_HOST = "$(BUNDLE_LOADER)";
				WRAPPER_EXTENSION = octest;
			};
			name = Release;
		};
/* End XCBuildConfiguration section */

/* Begin XCConfigurationList section */
		DEEC0B5617CF5D350096B21F /* Build configuration list for PBXProject "Poseidon" */ = {
			isa = XCConfigurationList;
			buildConfigurations = (
				DEEC0B9717CF5D350096B21F /* Debug */,
				DEEC0B9817CF5D350096B21F /* Release */,
			);
			defaultConfigurationIsVisible = 0;
			defaultConfigurationName = Release;
		};
		DEEC0B9917CF5D350096B21F /* Build configuration list for PBXNativeTarget "Poseidon" */ = {
			isa = XCConfigurationList;
			buildConfigurations = (
				DEEC0B9A17CF5D350096B21F /* Debug */,
				DEEC0B9B17CF5D350096B21F /* Release */,
			);
			defaultConfigurationIsVisible = 0;
			defaultConfigurationName = Release;
		};
		DEEC0B9C17CF5D350096B21F /* Build configuration list for PBXNativeTarget "PoseidonTests" */ = {
			isa = XCConfigurationList;
			buildConfigurations = (
				DEEC0B9D17CF5D350096B21F /* Debug */,
				DEEC0B9E17CF5D350096B21F /* Release */,
			);
			defaultConfigurationIsVisible = 0;
			defaultConfigurationName = Release;
		};
/* End XCConfigurationList section */
	};
	rootObject = DEEC0B5317CF5D350096B21F /* Project object */;
}
